// !$*UTF8*$!
{
	archiveVersion = 1;
	classes = {
	};
	objectVersion = 55;
	objects = {

/* Begin PBXBuildFile section */
		CB0F4353273D0F8500C40377 /* VideoEditingView.swift in Sources */ = {isa = PBXBuildFile; fileRef = CB0F4352273D0F8500C40377 /* VideoEditingView.swift */; };
		CB0F4427273E7FAB00C40377 /* CameraView.swift in Sources */ = {isa = PBXBuildFile; fileRef = CB0F4426273E7FAB00C40377 /* CameraView.swift */; };
		CB1A64932709D5820085B25E /* HomeView.swift in Sources */ = {isa = PBXBuildFile; fileRef = CB1A64922709D5820085B25E /* HomeView.swift */; };
		CB1A64972709D6170085B25E /* HomeViewModel.swift in Sources */ = {isa = PBXBuildFile; fileRef = CB1A64962709D6170085B25E /* HomeViewModel.swift */; };
		CB1A649A2709D6390085B25E /* VideoSelectionView.swift in Sources */ = {isa = PBXBuildFile; fileRef = CB1A64992709D6390085B25E /* VideoSelectionView.swift */; };
		CB1A649D2709D6610085B25E /* TimelineView.swift in Sources */ = {isa = PBXBuildFile; fileRef = CB1A649C2709D6610085B25E /* TimelineView.swift */; };
		CB1A64A12709D68D0085B25E /* MessageListView.swift in Sources */ = {isa = PBXBuildFile; fileRef = CB1A64A02709D68D0085B25E /* MessageListView.swift */; };
		CB1A64A32709D6990085B25E /* MypageView.swift in Sources */ = {isa = PBXBuildFile; fileRef = CB1A64A22709D6990085B25E /* MypageView.swift */; };
		CB1A64A92709D7FD0085B25E /* Color+definition.swift in Sources */ = {isa = PBXBuildFile; fileRef = CB1A64A82709D7FD0085B25E /* Color+definition.swift */; };
		CB1A64AD2709E1280085B25E /* UIImage+resize.swift in Sources */ = {isa = PBXBuildFile; fileRef = CB1A64AC2709E1280085B25E /* UIImage+resize.swift */; };
		CB1A657B2709EB8E0085B25E /* UIColor+colorImage.swift in Sources */ = {isa = PBXBuildFile; fileRef = CB1A657A2709EB8E0085B25E /* UIColor+colorImage.swift */; };
		CB3F0547273AFBFD00CA1AD2 /* Mock.swift in Sources */ = {isa = PBXBuildFile; fileRef = CB3F0546273AFBFD00CA1AD2 /* Mock.swift */; };
		CB60E528274B57C40027ECF3 /* VideoEditingViewController.swift in Sources */ = {isa = PBXBuildFile; fileRef = CB60E527274B57C40027ECF3 /* VideoEditingViewController.swift */; };
		CB60E873274F53CE0027ECF3 /* TrimingView.swift in Sources */ = {isa = PBXBuildFile; fileRef = CB60E872274F53CE0027ECF3 /* TrimingView.swift */; };
		CB73EC27273BA45800632A4C /* VSPHPickerViewController.swift in Sources */ = {isa = PBXBuildFile; fileRef = CB73EC26273BA45800632A4C /* VSPHPickerViewController.swift */; };
		CB80DE7D2747EBC400B40803 /* APIManager.swift in Sources */ = {isa = PBXBuildFile; fileRef = CB80DE7C2747EBC400B40803 /* APIManager.swift */; };
		CB80DE802747F03200B40803 /* Error+handle.swift in Sources */ = {isa = PBXBuildFile; fileRef = CB80DE7F2747F03200B40803 /* Error+handle.swift */; };
		CB80DF5427481AB900B40803 /* WebSocketServer.swift in Sources */ = {isa = PBXBuildFile; fileRef = CB80DF5327481AB900B40803 /* WebSocketServer.swift */; };
		CB80DF56274820E800B40803 /* WebSocketClient.swift in Sources */ = {isa = PBXBuildFile; fileRef = CB80DF55274820E800B40803 /* WebSocketClient.swift */; };
		CB88606B27397F8200F3E7BE /* VideoSelectionViewModel.swift in Sources */ = {isa = PBXBuildFile; fileRef = CB88606A27397F8200F3E7BE /* VideoSelectionViewModel.swift */; };
		CB8B6A9127559EBE005CB97F /* SDWebImage.framework in Frameworks */ = {isa = PBXBuildFile; fileRef = CBDFCEAE27550BA600983284 /* SDWebImage.framework */; };
		CB91E5F72709CB3600052541 /* Video_SwiftUIApp.swift in Sources */ = {isa = PBXBuildFile; fileRef = CB91E5F62709CB3600052541 /* Video_SwiftUIApp.swift */; };
		CB91E5F92709CB3600052541 /* ContentView.swift in Sources */ = {isa = PBXBuildFile; fileRef = CB91E5F82709CB3600052541 /* ContentView.swift */; };
		CB91E5FB2709CB3700052541 /* Assets.xcassets in Resources */ = {isa = PBXBuildFile; fileRef = CB91E5FA2709CB3700052541 /* Assets.xcassets */; };
		CB91E5FE2709CB3700052541 /* Preview Assets.xcassets in Resources */ = {isa = PBXBuildFile; fileRef = CB91E5FD2709CB3700052541 /* Preview Assets.xcassets */; };
		CB91E6082709CB3700052541 /* Video_SwiftUITests.swift in Sources */ = {isa = PBXBuildFile; fileRef = CB91E6072709CB3700052541 /* Video_SwiftUITests.swift */; };
		CB91E6122709CB3700052541 /* Video_SwiftUIUITests.swift in Sources */ = {isa = PBXBuildFile; fileRef = CB91E6112709CB3700052541 /* Video_SwiftUIUITests.swift */; };
		CB91E6142709CB3700052541 /* Video_SwiftUIUITestsLaunchTests.swift in Sources */ = {isa = PBXBuildFile; fileRef = CB91E6132709CB3700052541 /* Video_SwiftUIUITestsLaunchTests.swift */; };
		CBBF89802732D6F000CFF9AD /* BottomTabView.swift in Sources */ = {isa = PBXBuildFile; fileRef = CBBF897F2732D6F000CFF9AD /* BottomTabView.swift */; };
		CBBF89842732E0F400CFF9AD /* UIApplilcation+safeArea.swift.swift in Sources */ = {isa = PBXBuildFile; fileRef = CBBF89832732E0F400CFF9AD /* UIApplilcation+safeArea.swift.swift */; };
		CBBF89882732E16300CFF9AD /* BottomTabItemView.swift in Sources */ = {isa = PBXBuildFile; fileRef = CBBF89872732E16300CFF9AD /* BottomTabItemView.swift */; };
		CBDC570F2741E8750071ADA3 /* VSImageView.swift in Sources */ = {isa = PBXBuildFile; fileRef = CBDC570E2741E8750071ADA3 /* VSImageView.swift */; };
		CBDC57112741E8DF0071ADA3 /* UIImage+load.swift in Sources */ = {isa = PBXBuildFile; fileRef = CBDC57102741E8DF0071ADA3 /* UIImage+load.swift */; };
		CBE29760273CE52000198C64 /* PhotoPickerModel.swift in Sources */ = {isa = PBXBuildFile; fileRef = CBE2975F273CE52000198C64 /* PhotoPickerModel.swift */; };
/* End PBXBuildFile section */

/* Begin PBXContainerItemProxy section */
		CB91E6042709CB3700052541 /* PBXContainerItemProxy */ = {
			isa = PBXContainerItemProxy;
			containerPortal = CB91E5EB2709CB3600052541 /* Project object */;
			proxyType = 1;
			remoteGlobalIDString = CB91E5F22709CB3600052541;
			remoteInfo = Video_SwiftUI;
		};
		CB91E60E2709CB3700052541 /* PBXContainerItemProxy */ = {
			isa = PBXContainerItemProxy;
			containerPortal = CB91E5EB2709CB3600052541 /* Project object */;
			proxyType = 1;
			remoteGlobalIDString = CB91E5F22709CB3600052541;
			remoteInfo = Video_SwiftUI;
		};
/* End PBXContainerItemProxy section */

/* Begin PBXFileReference section */
		CB0F4352273D0F8500C40377 /* VideoEditingView.swift */ = {isa = PBXFileReference; lastKnownFileType = sourcecode.swift; path = VideoEditingView.swift; sourceTree = "<group>"; };
		CB0F4426273E7FAB00C40377 /* CameraView.swift */ = {isa = PBXFileReference; lastKnownFileType = sourcecode.swift; path = CameraView.swift; sourceTree = "<group>"; };
		CB1A64922709D5820085B25E /* HomeView.swift */ = {isa = PBXFileReference; lastKnownFileType = sourcecode.swift; path = HomeView.swift; sourceTree = "<group>"; };
		CB1A64962709D6170085B25E /* HomeViewModel.swift */ = {isa = PBXFileReference; lastKnownFileType = sourcecode.swift; path = HomeViewModel.swift; sourceTree = "<group>"; };
		CB1A64992709D6390085B25E /* VideoSelectionView.swift */ = {isa = PBXFileReference; lastKnownFileType = sourcecode.swift; path = VideoSelectionView.swift; sourceTree = "<group>"; };
		CB1A649C2709D6610085B25E /* TimelineView.swift */ = {isa = PBXFileReference; lastKnownFileType = sourcecode.swift; path = TimelineView.swift; sourceTree = "<group>"; };
		CB1A64A02709D68D0085B25E /* MessageListView.swift */ = {isa = PBXFileReference; lastKnownFileType = sourcecode.swift; path = MessageListView.swift; sourceTree = "<group>"; };
		CB1A64A22709D6990085B25E /* MypageView.swift */ = {isa = PBXFileReference; lastKnownFileType = sourcecode.swift; path = MypageView.swift; sourceTree = "<group>"; };
		CB1A64A82709D7FD0085B25E /* Color+definition.swift */ = {isa = PBXFileReference; lastKnownFileType = sourcecode.swift; path = "Color+definition.swift"; sourceTree = "<group>"; };
		CB1A64AC2709E1280085B25E /* UIImage+resize.swift */ = {isa = PBXFileReference; lastKnownFileType = sourcecode.swift; path = "UIImage+resize.swift"; sourceTree = "<group>"; };
		CB1A657A2709EB8E0085B25E /* UIColor+colorImage.swift */ = {isa = PBXFileReference; lastKnownFileType = sourcecode.swift; path = "UIColor+colorImage.swift"; sourceTree = "<group>"; };
		CB3F0546273AFBFD00CA1AD2 /* Mock.swift */ = {isa = PBXFileReference; lastKnownFileType = sourcecode.swift; path = Mock.swift; sourceTree = "<group>"; };
		CB60E527274B57C40027ECF3 /* VideoEditingViewController.swift */ = {isa = PBXFileReference; lastKnownFileType = sourcecode.swift; path = VideoEditingViewController.swift; sourceTree = "<group>"; };
		CB60E872274F53CE0027ECF3 /* TrimingView.swift */ = {isa = PBXFileReference; lastKnownFileType = sourcecode.swift; path = TrimingView.swift; sourceTree = "<group>"; };
		CB73EC26273BA45800632A4C /* VSPHPickerViewController.swift */ = {isa = PBXFileReference; lastKnownFileType = sourcecode.swift; path = VSPHPickerViewController.swift; sourceTree = "<group>"; };
		CB80DE7C2747EBC400B40803 /* APIManager.swift */ = {isa = PBXFileReference; lastKnownFileType = sourcecode.swift; path = APIManager.swift; sourceTree = "<group>"; };
		CB80DE7F2747F03200B40803 /* Error+handle.swift */ = {isa = PBXFileReference; lastKnownFileType = sourcecode.swift; path = "Error+handle.swift"; sourceTree = "<group>"; };
		CB80DF5327481AB900B40803 /* WebSocketServer.swift */ = {isa = PBXFileReference; lastKnownFileType = sourcecode.swift; path = WebSocketServer.swift; sourceTree = "<group>"; };
		CB80DF55274820E800B40803 /* WebSocketClient.swift */ = {isa = PBXFileReference; lastKnownFileType = sourcecode.swift; path = WebSocketClient.swift; sourceTree = "<group>"; };
		CB88606A27397F8200F3E7BE /* VideoSelectionViewModel.swift */ = {isa = PBXFileReference; lastKnownFileType = sourcecode.swift; path = VideoSelectionViewModel.swift; sourceTree = "<group>"; };
		CB8B6A8E27559E62005CB97F /* SDWebImage.framework */ = {isa = PBXFileReference; lastKnownFileType = wrapper.framework; name = SDWebImage.framework; path = "Carthage/Build/SDWebImage.xcframework/ios-arm64_i386_x86_64-simulator/SDWebImage.framework"; sourceTree = "<group>"; };
		CB91E5F32709CB3600052541 /* Video_SwiftUI.app */ = {isa = PBXFileReference; explicitFileType = wrapper.application; includeInIndex = 0; path = Video_SwiftUI.app; sourceTree = BUILT_PRODUCTS_DIR; };
		CB91E5F62709CB3600052541 /* Video_SwiftUIApp.swift */ = {isa = PBXFileReference; lastKnownFileType = sourcecode.swift; path = Video_SwiftUIApp.swift; sourceTree = "<group>"; };
		CB91E5F82709CB3600052541 /* ContentView.swift */ = {isa = PBXFileReference; lastKnownFileType = sourcecode.swift; path = ContentView.swift; sourceTree = "<group>"; };
		CB91E5FA2709CB3700052541 /* Assets.xcassets */ = {isa = PBXFileReference; lastKnownFileType = folder.assetcatalog; path = Assets.xcassets; sourceTree = "<group>"; };
		CB91E5FD2709CB3700052541 /* Preview Assets.xcassets */ = {isa = PBXFileReference; lastKnownFileType = folder.assetcatalog; path = "Preview Assets.xcassets"; sourceTree = "<group>"; };
		CB91E6032709CB3700052541 /* Video_SwiftUITests.xctest */ = {isa = PBXFileReference; explicitFileType = wrapper.cfbundle; includeInIndex = 0; path = Video_SwiftUITests.xctest; sourceTree = BUILT_PRODUCTS_DIR; };
		CB91E6072709CB3700052541 /* Video_SwiftUITests.swift */ = {isa = PBXFileReference; lastKnownFileType = sourcecode.swift; path = Video_SwiftUITests.swift; sourceTree = "<group>"; };
		CB91E60D2709CB3700052541 /* Video_SwiftUIUITests.xctest */ = {isa = PBXFileReference; explicitFileType = wrapper.cfbundle; includeInIndex = 0; path = Video_SwiftUIUITests.xctest; sourceTree = BUILT_PRODUCTS_DIR; };
		CB91E6112709CB3700052541 /* Video_SwiftUIUITests.swift */ = {isa = PBXFileReference; lastKnownFileType = sourcecode.swift; path = Video_SwiftUIUITests.swift; sourceTree = "<group>"; };
		CB91E6132709CB3700052541 /* Video_SwiftUIUITestsLaunchTests.swift */ = {isa = PBXFileReference; lastKnownFileType = sourcecode.swift; path = Video_SwiftUIUITestsLaunchTests.swift; sourceTree = "<group>"; };
		CBBF897F2732D6F000CFF9AD /* BottomTabView.swift */ = {isa = PBXFileReference; lastKnownFileType = sourcecode.swift; path = BottomTabView.swift; sourceTree = "<group>"; };
		CBBF89832732E0F400CFF9AD /* UIApplilcation+safeArea.swift.swift */ = {isa = PBXFileReference; lastKnownFileType = sourcecode.swift; path = "UIApplilcation+safeArea.swift.swift"; sourceTree = "<group>"; };
		CBBF89872732E16300CFF9AD /* BottomTabItemView.swift */ = {isa = PBXFileReference; lastKnownFileType = sourcecode.swift; path = BottomTabItemView.swift; sourceTree = "<group>"; };
		CBDC570E2741E8750071ADA3 /* VSImageView.swift */ = {isa = PBXFileReference; lastKnownFileType = sourcecode.swift; path = VSImageView.swift; sourceTree = "<group>"; };
		CBDC57102741E8DF0071ADA3 /* UIImage+load.swift */ = {isa = PBXFileReference; lastKnownFileType = sourcecode.swift; path = "UIImage+load.swift"; sourceTree = "<group>"; };
		CBDFCEAA2755061E00983284 /* SDWebImage.xcframework */ = {isa = PBXFileReference; lastKnownFileType = wrapper.xcframework; name = SDWebImage.xcframework; path = Carthage/Build/SDWebImage.xcframework; sourceTree = "<group>"; };
		CBDFCEAE27550BA600983284 /* SDWebImage.framework */ = {isa = PBXFileReference; lastKnownFileType = wrapper.framework; name = SDWebImage.framework; path = "Carthage/Build/SDWebImage.xcframework/ios-arm64_armv7/SDWebImage.framework"; sourceTree = "<group>"; };
		CBE27EC82754EF8100BDEDD6 /* Video-SwiftUI-Info.plist */ = {isa = PBXFileReference; lastKnownFileType = text.plist; path = "Video-SwiftUI-Info.plist"; sourceTree = SOURCE_ROOT; };
		CBE2975F273CE52000198C64 /* PhotoPickerModel.swift */ = {isa = PBXFileReference; lastKnownFileType = sourcecode.swift; path = PhotoPickerModel.swift; sourceTree = "<group>"; };
/* End PBXFileReference section */

/* Begin PBXFrameworksBuildPhase section */
		CB91E5F02709CB3600052541 /* Frameworks */ = {
			isa = PBXFrameworksBuildPhase;
			buildActionMask = 2147483647;
			files = (
				CB8B6A9127559EBE005CB97F /* SDWebImage.framework in Frameworks */,
			);
			runOnlyForDeploymentPostprocessing = 0;
		};
		CB91E6002709CB3700052541 /* Frameworks */ = {
			isa = PBXFrameworksBuildPhase;
			buildActionMask = 2147483647;
			files = (
			);
			runOnlyForDeploymentPostprocessing = 0;
		};
		CB91E60A2709CB3700052541 /* Frameworks */ = {
			isa = PBXFrameworksBuildPhase;
			buildActionMask = 2147483647;
			files = (
			);
			runOnlyForDeploymentPostprocessing = 0;
		};
/* End PBXFrameworksBuildPhase section */

/* Begin PBXGroup section */
		CB0F4351273D0F6E00C40377 /* VideoEditing */ = {
			isa = PBXGroup;
			children = (
				CB60E872274F53CE0027ECF3 /* TrimingView.swift */,
				CB60E527274B57C40027ECF3 /* VideoEditingViewController.swift */,
				CB0F4352273D0F8500C40377 /* VideoEditingView.swift */,
			);
			path = VideoEditing;
			sourceTree = "<group>";
		};
		CB1A64942709D5870085B25E /* View */ = {
			isa = PBXGroup;
			children = (
				CB73EC2A273BDE9D00632A4C /* Component */,
				CB1A64952709D5E50085B25E /* Home */,
				CB1A64982709D61C0085B25E /* Timeline */,
				CB0F4351273D0F6E00C40377 /* VideoEditing */,
				CB1A649B2709D6430085B25E /* VideoSelection */,
				CB1A649E2709D66C0085B25E /* MessageList */,
				CB1A649F2709D6750085B25E /* Mypage */,
				CB91E5F82709CB3600052541 /* ContentView.swift */,
				CBBF89852732E14500CFF9AD /* Tab */,
			);
			path = View;
			sourceTree = "<group>";
		};
		CB1A64952709D5E50085B25E /* Home */ = {
			isa = PBXGroup;
			children = (
				CB1A64922709D5820085B25E /* HomeView.swift */,
				CB1A64962709D6170085B25E /* HomeViewModel.swift */,
			);
			path = Home;
			sourceTree = "<group>";
		};
		CB1A64982709D61C0085B25E /* Timeline */ = {
			isa = PBXGroup;
			children = (
				CB1A649C2709D6610085B25E /* TimelineView.swift */,
			);
			path = Timeline;
			sourceTree = "<group>";
		};
		CB1A649B2709D6430085B25E /* VideoSelection */ = {
			isa = PBXGroup;
			children = (
				CB1A64992709D6390085B25E /* VideoSelectionView.swift */,
				CB88606A27397F8200F3E7BE /* VideoSelectionViewModel.swift */,
			);
			path = VideoSelection;
			sourceTree = "<group>";
		};
		CB1A649E2709D66C0085B25E /* MessageList */ = {
			isa = PBXGroup;
			children = (
				CB1A64A02709D68D0085B25E /* MessageListView.swift */,
			);
			path = MessageList;
			sourceTree = "<group>";
		};
		CB1A649F2709D6750085B25E /* Mypage */ = {
			isa = PBXGroup;
			children = (
				CB1A64A22709D6990085B25E /* MypageView.swift */,
			);
			path = Mypage;
			sourceTree = "<group>";
		};
		CB1A64A42709D7440085B25E /* Manager */ = {
			isa = PBXGroup;
			children = (
				CB80DE7C2747EBC400B40803 /* APIManager.swift */,
				CB80DF5327481AB900B40803 /* WebSocketServer.swift */,
				CB80DF55274820E800B40803 /* WebSocketClient.swift */,
			);
			path = Manager;
			sourceTree = "<group>";
		};
		CB1A64A52709D74D0085B25E /* Extension */ = {
			isa = PBXGroup;
			children = (
				CB80DE7E2747F02100B40803 /* Error */,
				CBBF89822732E0D300CFF9AD /* UIApplication */,
				CB1A64AB2709E1180085B25E /* Image */,
				CB1A64AA2709D8020085B25E /* Color */,
			);
			path = Extension;
			sourceTree = "<group>";
		};
		CB1A64A62709D76C0085B25E /* Component */ = {
			isa = PBXGroup;
			children = (
			);
			path = Component;
			sourceTree = "<group>";
		};
		CB1A64A72709D78B0085B25E /* Model */ = {
			isa = PBXGroup;
			children = (
				CBE2975F273CE52000198C64 /* PhotoPickerModel.swift */,
			);
			path = Model;
			sourceTree = "<group>";
		};
		CB1A64AA2709D8020085B25E /* Color */ = {
			isa = PBXGroup;
			children = (
				CB1A64A82709D7FD0085B25E /* Color+definition.swift */,
				CB1A657A2709EB8E0085B25E /* UIColor+colorImage.swift */,
			);
			path = Color;
			sourceTree = "<group>";
		};
		CB1A64AB2709E1180085B25E /* Image */ = {
			isa = PBXGroup;
			children = (
				CB1A64AC2709E1280085B25E /* UIImage+resize.swift */,
				CBDC57102741E8DF0071ADA3 /* UIImage+load.swift */,
			);
			path = Image;
			sourceTree = "<group>";
		};
		CB3F0545273AFBE200CA1AD2 /* Mock */ = {
			isa = PBXGroup;
			children = (
				CB3F0546273AFBFD00CA1AD2 /* Mock.swift */,
			);
			path = Mock;
			sourceTree = "<group>";
		};
		CB73EC25273BA10800632A4C /* UIKit */ = {
			isa = PBXGroup;
			children = (
				CB0F4426273E7FAB00C40377 /* CameraView.swift */,
				CB73EC26273BA45800632A4C /* VSPHPickerViewController.swift */,
			);
			path = UIKit;
			sourceTree = "<group>";
		};
		CB73EC2A273BDE9D00632A4C /* Component */ = {
			isa = PBXGroup;
			children = (
				CBDC570D2741E8520071ADA3 /* Image */,
			);
			path = Component;
			sourceTree = "<group>";
		};
		CB80DE7E2747F02100B40803 /* Error */ = {
			isa = PBXGroup;
			children = (
				CB80DE7F2747F03200B40803 /* Error+handle.swift */,
			);
			path = Error;
			sourceTree = "<group>";
		};
		CB91E5EA2709CB3600052541 = {
			isa = PBXGroup;
			children = (
				CB91E5F52709CB3600052541 /* Video_SwiftUI */,
				CB91E6062709CB3700052541 /* Video_SwiftUITests */,
				CB91E6102709CB3700052541 /* Video_SwiftUIUITests */,
				CB91E5F42709CB3600052541 /* Products */,
				CBDFCEA92755061E00983284 /* Frameworks */,
			);
			sourceTree = "<group>";
		};
		CB91E5F42709CB3600052541 /* Products */ = {
			isa = PBXGroup;
			children = (
				CB91E5F32709CB3600052541 /* Video_SwiftUI.app */,
				CB91E6032709CB3700052541 /* Video_SwiftUITests.xctest */,
				CB91E60D2709CB3700052541 /* Video_SwiftUIUITests.xctest */,
			);
			name = Products;
			sourceTree = "<group>";
		};
		CB91E5F52709CB3600052541 /* Video_SwiftUI */ = {
			isa = PBXGroup;
			children = (
				CBE27EC82754EF8100BDEDD6 /* Video-SwiftUI-Info.plist */,
				CB73EC25273BA10800632A4C /* UIKit */,
				CB1A64A72709D78B0085B25E /* Model */,
				CB1A64A62709D76C0085B25E /* Component */,
				CB1A64A52709D74D0085B25E /* Extension */,
				CB1A64A42709D7440085B25E /* Manager */,
				CB1A64942709D5870085B25E /* View */,
				CB91E5FA2709CB3700052541 /* Assets.xcassets */,
				CB91E5F62709CB3600052541 /* Video_SwiftUIApp.swift */,
				CB3F0545273AFBE200CA1AD2 /* Mock */,
				CB91E5FC2709CB3700052541 /* Preview Content */,
			);
			path = Video_SwiftUI;
			sourceTree = "<group>";
		};
		CB91E5FC2709CB3700052541 /* Preview Content */ = {
			isa = PBXGroup;
			children = (
				CB91E5FD2709CB3700052541 /* Preview Assets.xcassets */,
			);
			path = "Preview Content";
			sourceTree = "<group>";
		};
		CB91E6062709CB3700052541 /* Video_SwiftUITests */ = {
			isa = PBXGroup;
			children = (
				CB91E6072709CB3700052541 /* Video_SwiftUITests.swift */,
			);
			path = Video_SwiftUITests;
			sourceTree = "<group>";
		};
		CB91E6102709CB3700052541 /* Video_SwiftUIUITests */ = {
			isa = PBXGroup;
			children = (
				CB91E6112709CB3700052541 /* Video_SwiftUIUITests.swift */,
				CB91E6132709CB3700052541 /* Video_SwiftUIUITestsLaunchTests.swift */,
			);
			path = Video_SwiftUIUITests;
			sourceTree = "<group>";
		};
		CBBF89822732E0D300CFF9AD /* UIApplication */ = {
			isa = PBXGroup;
			children = (
				CBBF89832732E0F400CFF9AD /* UIApplilcation+safeArea.swift.swift */,
			);
			path = UIApplication;
			sourceTree = "<group>";
		};
		CBBF89852732E14500CFF9AD /* Tab */ = {
			isa = PBXGroup;
			children = (
				CBBF897F2732D6F000CFF9AD /* BottomTabView.swift */,
				CBBF89872732E16300CFF9AD /* BottomTabItemView.swift */,
			);
			path = Tab;
			sourceTree = "<group>";
		};
		CBDC570D2741E8520071ADA3 /* Image */ = {
			isa = PBXGroup;
			children = (
				CBDC570E2741E8750071ADA3 /* VSImageView.swift */,
			);
			path = Image;
			sourceTree = "<group>";
		};
		CBDFCEA92755061E00983284 /* Frameworks */ = {
			isa = PBXGroup;
			children = (
				CBDFCEAE27550BA600983284 /* SDWebImage.framework */,
				CB8B6A8E27559E62005CB97F /* SDWebImage.framework */,
				CBDFCEAA2755061E00983284 /* SDWebImage.xcframework */,
			);
			name = Frameworks;
			sourceTree = "<group>";
		};
/* End PBXGroup section */

/* Begin PBXNativeTarget section */
		CB91E5F22709CB3600052541 /* Video_SwiftUI */ = {
			isa = PBXNativeTarget;
			buildConfigurationList = CB91E6172709CB3700052541 /* Build configuration list for PBXNativeTarget "Video_SwiftUI" */;
			buildPhases = (
				CB91E5EF2709CB3600052541 /* Sources */,
				CB91E5F02709CB3600052541 /* Frameworks */,
				CB91E5F12709CB3600052541 /* Resources */,
			);
			buildRules = (
			);
			dependencies = (
			);
			name = Video_SwiftUI;
			packageProductDependencies = (
			);
			productName = Video_SwiftUI;
			productReference = CB91E5F32709CB3600052541 /* Video_SwiftUI.app */;
			productType = "com.apple.product-type.application";
		};
		CB91E6022709CB3700052541 /* Video_SwiftUITests */ = {
			isa = PBXNativeTarget;
			buildConfigurationList = CB91E61A2709CB3700052541 /* Build configuration list for PBXNativeTarget "Video_SwiftUITests" */;
			buildPhases = (
				CB91E5FF2709CB3700052541 /* Sources */,
				CB91E6002709CB3700052541 /* Frameworks */,
				CB91E6012709CB3700052541 /* Resources */,
			);
			buildRules = (
			);
			dependencies = (
				CB91E6052709CB3700052541 /* PBXTargetDependency */,
			);
			name = Video_SwiftUITests;
			productName = Video_SwiftUITests;
			productReference = CB91E6032709CB3700052541 /* Video_SwiftUITests.xctest */;
			productType = "com.apple.product-type.bundle.unit-test";
		};
		CB91E60C2709CB3700052541 /* Video_SwiftUIUITests */ = {
			isa = PBXNativeTarget;
			buildConfigurationList = CB91E61D2709CB3700052541 /* Build configuration list for PBXNativeTarget "Video_SwiftUIUITests" */;
			buildPhases = (
				CB91E6092709CB3700052541 /* Sources */,
				CB91E60A2709CB3700052541 /* Frameworks */,
				CB91E60B2709CB3700052541 /* Resources */,
			);
			buildRules = (
			);
			dependencies = (
				CB91E60F2709CB3700052541 /* PBXTargetDependency */,
			);
			name = Video_SwiftUIUITests;
			productName = Video_SwiftUIUITests;
			productReference = CB91E60D2709CB3700052541 /* Video_SwiftUIUITests.xctest */;
			productType = "com.apple.product-type.bundle.ui-testing";
		};
/* End PBXNativeTarget section */

/* Begin PBXProject section */
		CB91E5EB2709CB3600052541 /* Project object */ = {
			isa = PBXProject;
			attributes = {
				BuildIndependentTargetsInParallel = 1;
				LastSwiftUpdateCheck = 1300;
				LastUpgradeCheck = 1300;
				TargetAttributes = {
					CB91E5F22709CB3600052541 = {
						CreatedOnToolsVersion = 13.0;
					};
					CB91E6022709CB3700052541 = {
						CreatedOnToolsVersion = 13.0;
						TestTargetID = CB91E5F22709CB3600052541;
					};
					CB91E60C2709CB3700052541 = {
						CreatedOnToolsVersion = 13.0;
						TestTargetID = CB91E5F22709CB3600052541;
					};
				};
			};
			buildConfigurationList = CB91E5EE2709CB3600052541 /* Build configuration list for PBXProject "Video_SwiftUI" */;
			compatibilityVersion = "Xcode 13.0";
			developmentRegion = en;
			hasScannedForEncodings = 0;
			knownRegions = (
				en,
				Base,
			);
			mainGroup = CB91E5EA2709CB3600052541;
			packageReferences = (
			);
			productRefGroup = CB91E5F42709CB3600052541 /* Products */;
			projectDirPath = "";
			projectRoot = "";
			targets = (
				CB91E5F22709CB3600052541 /* Video_SwiftUI */,
				CB91E6022709CB3700052541 /* Video_SwiftUITests */,
				CB91E60C2709CB3700052541 /* Video_SwiftUIUITests */,
			);
		};
/* End PBXProject section */

/* Begin PBXResourcesBuildPhase section */
		CB91E5F12709CB3600052541 /* Resources */ = {
			isa = PBXResourcesBuildPhase;
			buildActionMask = 2147483647;
			files = (
				CB91E5FE2709CB3700052541 /* Preview Assets.xcassets in Resources */,
				CB91E5FB2709CB3700052541 /* Assets.xcassets in Resources */,
			);
			runOnlyForDeploymentPostprocessing = 0;
		};
		CB91E6012709CB3700052541 /* Resources */ = {
			isa = PBXResourcesBuildPhase;
			buildActionMask = 2147483647;
			files = (
			);
			runOnlyForDeploymentPostprocessing = 0;
		};
		CB91E60B2709CB3700052541 /* Resources */ = {
			isa = PBXResourcesBuildPhase;
			buildActionMask = 2147483647;
			files = (
			);
			runOnlyForDeploymentPostprocessing = 0;
		};
/* End PBXResourcesBuildPhase section */

/* Begin PBXSourcesBuildPhase section */
		CB91E5EF2709CB3600052541 /* Sources */ = {
			isa = PBXSourcesBuildPhase;
			buildActionMask = 2147483647;
			files = (
				CB1A64932709D5820085B25E /* HomeView.swift in Sources */,
				CB88606B27397F8200F3E7BE /* VideoSelectionViewModel.swift in Sources */,
				CB1A657B2709EB8E0085B25E /* UIColor+colorImage.swift in Sources */,
				CB0F4427273E7FAB00C40377 /* CameraView.swift in Sources */,
				CBBF89842732E0F400CFF9AD /* UIApplilcation+safeArea.swift.swift in Sources */,
				CBE29760273CE52000198C64 /* PhotoPickerModel.swift in Sources */,
				CB80DE802747F03200B40803 /* Error+handle.swift in Sources */,
				CB0F4353273D0F8500C40377 /* VideoEditingView.swift in Sources */,
				CB1A64A32709D6990085B25E /* MypageView.swift in Sources */,
				CB60E528274B57C40027ECF3 /* VideoEditingViewController.swift in Sources */,
				CB1A64A12709D68D0085B25E /* MessageListView.swift in Sources */,
				CB1A64A92709D7FD0085B25E /* Color+definition.swift in Sources */,
				CBBF89882732E16300CFF9AD /* BottomTabItemView.swift in Sources */,
				CBDC57112741E8DF0071ADA3 /* UIImage+load.swift in Sources */,
				CB1A649D2709D6610085B25E /* TimelineView.swift in Sources */,
				CB80DF56274820E800B40803 /* WebSocketClient.swift in Sources */,
				CB80DF5427481AB900B40803 /* WebSocketServer.swift in Sources */,
				CBDC570F2741E8750071ADA3 /* VSImageView.swift in Sources */,
				CB1A649A2709D6390085B25E /* VideoSelectionView.swift in Sources */,
				CB91E5F92709CB3600052541 /* ContentView.swift in Sources */,
				CB91E5F72709CB3600052541 /* Video_SwiftUIApp.swift in Sources */,
				CBBF89802732D6F000CFF9AD /* BottomTabView.swift in Sources */,
				CB1A64972709D6170085B25E /* HomeViewModel.swift in Sources */,
				CB60E873274F53CE0027ECF3 /* TrimingView.swift in Sources */,
				CB1A64AD2709E1280085B25E /* UIImage+resize.swift in Sources */,
				CB80DE7D2747EBC400B40803 /* APIManager.swift in Sources */,
				CB3F0547273AFBFD00CA1AD2 /* Mock.swift in Sources */,
				CB73EC27273BA45800632A4C /* VSPHPickerViewController.swift in Sources */,
			);
			runOnlyForDeploymentPostprocessing = 0;
		};
		CB91E5FF2709CB3700052541 /* Sources */ = {
			isa = PBXSourcesBuildPhase;
			buildActionMask = 2147483647;
			files = (
				CB91E6082709CB3700052541 /* Video_SwiftUITests.swift in Sources */,
			);
			runOnlyForDeploymentPostprocessing = 0;
		};
		CB91E6092709CB3700052541 /* Sources */ = {
			isa = PBXSourcesBuildPhase;
			buildActionMask = 2147483647;
			files = (
				CB91E6142709CB3700052541 /* Video_SwiftUIUITestsLaunchTests.swift in Sources */,
				CB91E6122709CB3700052541 /* Video_SwiftUIUITests.swift in Sources */,
			);
			runOnlyForDeploymentPostprocessing = 0;
		};
/* End PBXSourcesBuildPhase section */

/* Begin PBXTargetDependency section */
		CB91E6052709CB3700052541 /* PBXTargetDependency */ = {
			isa = PBXTargetDependency;
			target = CB91E5F22709CB3600052541 /* Video_SwiftUI */;
			targetProxy = CB91E6042709CB3700052541 /* PBXContainerItemProxy */;
		};
		CB91E60F2709CB3700052541 /* PBXTargetDependency */ = {
			isa = PBXTargetDependency;
			target = CB91E5F22709CB3600052541 /* Video_SwiftUI */;
			targetProxy = CB91E60E2709CB3700052541 /* PBXContainerItemProxy */;
		};
/* End PBXTargetDependency section */

/* Begin XCBuildConfiguration section */
		CB91E6152709CB3700052541 /* Debug */ = {
			isa = XCBuildConfiguration;
			buildSettings = {
				ALWAYS_SEARCH_USER_PATHS = NO;
				CLANG_ANALYZER_NONNULL = YES;
				CLANG_ANALYZER_NUMBER_OBJECT_CONVERSION = YES_AGGRESSIVE;
				CLANG_CXX_LANGUAGE_STANDARD = "gnu++17";
				CLANG_CXX_LIBRARY = "libc++";
				CLANG_ENABLE_MODULES = YES;
				CLANG_ENABLE_OBJC_ARC = YES;
				CLANG_ENABLE_OBJC_WEAK = YES;
				CLANG_WARN_BLOCK_CAPTURE_AUTORELEASING = YES;
				CLANG_WARN_BOOL_CONVERSION = YES;
				CLANG_WARN_COMMA = YES;
				CLANG_WARN_CONSTANT_CONVERSION = YES;
				CLANG_WARN_DEPRECATED_OBJC_IMPLEMENTATIONS = YES;
				CLANG_WARN_DIRECT_OBJC_ISA_USAGE = YES_ERROR;
				CLANG_WARN_DOCUMENTATION_COMMENTS = YES;
				CLANG_WARN_EMPTY_BODY = YES;
				CLANG_WARN_ENUM_CONVERSION = YES;
				CLANG_WARN_INFINITE_RECURSION = YES;
				CLANG_WARN_INT_CONVERSION = YES;
				CLANG_WARN_NON_LITERAL_NULL_CONVERSION = YES;
				CLANG_WARN_OBJC_IMPLICIT_RETAIN_SELF = YES;
				CLANG_WARN_OBJC_LITERAL_CONVERSION = YES;
				CLANG_WARN_OBJC_ROOT_CLASS = YES_ERROR;
				CLANG_WARN_QUOTED_INCLUDE_IN_FRAMEWORK_HEADER = YES;
				CLANG_WARN_RANGE_LOOP_ANALYSIS = YES;
				CLANG_WARN_STRICT_PROTOTYPES = YES;
				CLANG_WARN_SUSPICIOUS_MOVE = YES;
				CLANG_WARN_UNGUARDED_AVAILABILITY = YES_AGGRESSIVE;
				CLANG_WARN_UNREACHABLE_CODE = YES;
				CLANG_WARN__DUPLICATE_METHOD_MATCH = YES;
				COPY_PHASE_STRIP = NO;
				DEBUG_INFORMATION_FORMAT = dwarf;
				ENABLE_STRICT_OBJC_MSGSEND = YES;
				ENABLE_TESTABILITY = YES;
				GCC_C_LANGUAGE_STANDARD = gnu11;
				GCC_DYNAMIC_NO_PIC = NO;
				GCC_NO_COMMON_BLOCKS = YES;
				GCC_OPTIMIZATION_LEVEL = 0;
				GCC_PREPROCESSOR_DEFINITIONS = (
					"DEBUG=1",
					"$(inherited)",
				);
				GCC_WARN_64_TO_32_BIT_CONVERSION = YES;
				GCC_WARN_ABOUT_RETURN_TYPE = YES_ERROR;
				GCC_WARN_UNDECLARED_SELECTOR = YES;
				GCC_WARN_UNINITIALIZED_AUTOS = YES_AGGRESSIVE;
				GCC_WARN_UNUSED_FUNCTION = YES;
				GCC_WARN_UNUSED_VARIABLE = YES;
				IPHONEOS_DEPLOYMENT_TARGET = 14.0;
				MTL_ENABLE_DEBUG_INFO = INCLUDE_SOURCE;
				MTL_FAST_MATH = YES;
				ONLY_ACTIVE_ARCH = YES;
				SDKROOT = iphoneos;
				SWIFT_ACTIVE_COMPILATION_CONDITIONS = DEBUG;
				SWIFT_OPTIMIZATION_LEVEL = "-Onone";
			};
			name = Debug;
		};
		CB91E6162709CB3700052541 /* Release */ = {
			isa = XCBuildConfiguration;
			buildSettings = {
				ALWAYS_SEARCH_USER_PATHS = NO;
				CLANG_ANALYZER_NONNULL = YES;
				CLANG_ANALYZER_NUMBER_OBJECT_CONVERSION = YES_AGGRESSIVE;
				CLANG_CXX_LANGUAGE_STANDARD = "gnu++17";
				CLANG_CXX_LIBRARY = "libc++";
				CLANG_ENABLE_MODULES = YES;
				CLANG_ENABLE_OBJC_ARC = YES;
				CLANG_ENABLE_OBJC_WEAK = YES;
				CLANG_WARN_BLOCK_CAPTURE_AUTORELEASING = YES;
				CLANG_WARN_BOOL_CONVERSION = YES;
				CLANG_WARN_COMMA = YES;
				CLANG_WARN_CONSTANT_CONVERSION = YES;
				CLANG_WARN_DEPRECATED_OBJC_IMPLEMENTATIONS = YES;
				CLANG_WARN_DIRECT_OBJC_ISA_USAGE = YES_ERROR;
				CLANG_WARN_DOCUMENTATION_COMMENTS = YES;
				CLANG_WARN_EMPTY_BODY = YES;
				CLANG_WARN_ENUM_CONVERSION = YES;
				CLANG_WARN_INFINITE_RECURSION = YES;
				CLANG_WARN_INT_CONVERSION = YES;
				CLANG_WARN_NON_LITERAL_NULL_CONVERSION = YES;
				CLANG_WARN_OBJC_IMPLICIT_RETAIN_SELF = YES;
				CLANG_WARN_OBJC_LITERAL_CONVERSION = YES;
				CLANG_WARN_OBJC_ROOT_CLASS = YES_ERROR;
				CLANG_WARN_QUOTED_INCLUDE_IN_FRAMEWORK_HEADER = YES;
				CLANG_WARN_RANGE_LOOP_ANALYSIS = YES;
				CLANG_WARN_STRICT_PROTOTYPES = YES;
				CLANG_WARN_SUSPICIOUS_MOVE = YES;
				CLANG_WARN_UNGUARDED_AVAILABILITY = YES_AGGRESSIVE;
				CLANG_WARN_UNREACHABLE_CODE = YES;
				CLANG_WARN__DUPLICATE_METHOD_MATCH = YES;
				COPY_PHASE_STRIP = NO;
				DEBUG_INFORMATION_FORMAT = "dwarf-with-dsym";
				ENABLE_NS_ASSERTIONS = NO;
				ENABLE_STRICT_OBJC_MSGSEND = YES;
				GCC_C_LANGUAGE_STANDARD = gnu11;
				GCC_NO_COMMON_BLOCKS = YES;
				GCC_WARN_64_TO_32_BIT_CONVERSION = YES;
				GCC_WARN_ABOUT_RETURN_TYPE = YES_ERROR;
				GCC_WARN_UNDECLARED_SELECTOR = YES;
				GCC_WARN_UNINITIALIZED_AUTOS = YES_AGGRESSIVE;
				GCC_WARN_UNUSED_FUNCTION = YES;
				GCC_WARN_UNUSED_VARIABLE = YES;
				IPHONEOS_DEPLOYMENT_TARGET = 14.0;
				MTL_ENABLE_DEBUG_INFO = NO;
				MTL_FAST_MATH = YES;
				SDKROOT = iphoneos;
				SWIFT_COMPILATION_MODE = wholemodule;
				SWIFT_OPTIMIZATION_LEVEL = "-O";
				VALIDATE_PRODUCT = YES;
			};
			name = Release;
		};
		CB91E6182709CB3700052541 /* Debug */ = {
			isa = XCBuildConfiguration;
			buildSettings = {
				ASSETCATALOG_COMPILER_APPICON_NAME = AppIcon;
				ASSETCATALOG_COMPILER_GLOBAL_ACCENT_COLOR_NAME = AccentColor;
				CODE_SIGN_IDENTITY = "iPhone Developer";
				CODE_SIGN_STYLE = Manual;
				CURRENT_PROJECT_VERSION = 1;
				DEVELOPMENT_ASSET_PATHS = "Video_SwiftUI/Mock Video_SwiftUI/Preview\\ Content";
				DEVELOPMENT_TEAM = 6RVFM6A7B5;
				ENABLE_PREVIEWS = YES;
				FRAMEWORK_SEARCH_PATHS = (
					"$(inherited)",
					"$(PROJECT_DIR)/Carthage/Build/SDWebImage.xcframework/ios-arm64_armv7",
					"$(PROJECT_DIR)/Carthage/Build/SDWebImage.xcframework/ios-arm64_i386_x86_64-simulator",
				);
				GENERATE_INFOPLIST_FILE = YES;
				INFOPLIST_FILE = "Video-SwiftUI-Info.plist";
				INFOPLIST_KEY_NSCameraUsageDescription = "カメラを使用します";
				INFOPLIST_KEY_NSMicrophoneUsageDescription = "マイクを使用します";
				INFOPLIST_KEY_NSPhotoLibraryAddUsageDescription = "撮影した写真を保存します";
				INFOPLIST_KEY_NSPhotoLibraryUsageDescription = "アルバムの写真を選択します。";
				INFOPLIST_KEY_UIApplicationSceneManifest_Generation = YES;
				INFOPLIST_KEY_UIApplicationSupportsIndirectInputEvents = YES;
				INFOPLIST_KEY_UILaunchScreen_Generation = YES;
				INFOPLIST_KEY_UISupportedInterfaceOrientations_iPad = "UIInterfaceOrientationPortrait UIInterfaceOrientationPortraitUpsideDown UIInterfaceOrientationLandscapeLeft UIInterfaceOrientationLandscapeRight";
				INFOPLIST_KEY_UISupportedInterfaceOrientations_iPhone = "UIInterfaceOrientationPortrait UIInterfaceOrientationLandscapeLeft UIInterfaceOrientationLandscapeRight";
				IPHONEOS_DEPLOYMENT_TARGET = 14.0;
				LD_RUNPATH_SEARCH_PATHS = (
					"$(inherited)",
					"@executable_path/Frameworks",
				);
				MARKETING_VERSION = 1.0;
				PRODUCT_BUNDLE_IDENTIFIER = hshotaro.videoswiftui;
				PRODUCT_NAME = "$(TARGET_NAME)";
				PROVISIONING_PROFILE_SPECIFIER = video_swiftui_dev;
				SWIFT_EMIT_LOC_STRINGS = YES;
				SWIFT_VERSION = 5.0;
				TARGETED_DEVICE_FAMILY = "1,2";
			};
			name = Debug;
		};
		CB91E6192709CB3700052541 /* Release */ = {
			isa = XCBuildConfiguration;
			buildSettings = {
				ASSETCATALOG_COMPILER_APPICON_NAME = AppIcon;
				ASSETCATALOG_COMPILER_GLOBAL_ACCENT_COLOR_NAME = AccentColor;
				CODE_SIGN_IDENTITY = "iPhone Distribution";
				CODE_SIGN_STYLE = Manual;
				CURRENT_PROJECT_VERSION = 1;
				DEVELOPMENT_ASSET_PATHS = "Video_SwiftUI/Mock Video_SwiftUI/Preview\\ Content";
				DEVELOPMENT_TEAM = 6RVFM6A7B5;
				ENABLE_PREVIEWS = YES;
				FRAMEWORK_SEARCH_PATHS = (
					"$(inherited)",
					"$(PROJECT_DIR)/Carthage/Build/SDWebImage.xcframework/ios-arm64_armv7",
					"$(PROJECT_DIR)/Carthage/Build/SDWebImage.xcframework/ios-arm64_i386_x86_64-simulator",
				);
				GENERATE_INFOPLIST_FILE = YES;
				INFOPLIST_FILE = "Video-SwiftUI-Info.plist";
				INFOPLIST_KEY_NSCameraUsageDescription = "カメラを使用します";
				INFOPLIST_KEY_NSMicrophoneUsageDescription = "マイクを使用します";
				INFOPLIST_KEY_NSPhotoLibraryAddUsageDescription = "撮影した写真を保存します";
				INFOPLIST_KEY_NSPhotoLibraryUsageDescription = "アルバムの写真を選択します。";
				INFOPLIST_KEY_UIApplicationSceneManifest_Generation = YES;
				INFOPLIST_KEY_UIApplicationSupportsIndirectInputEvents = YES;
				INFOPLIST_KEY_UILaunchScreen_Generation = YES;
				INFOPLIST_KEY_UISupportedInterfaceOrientations_iPad = "UIInterfaceOrientationPortrait UIInterfaceOrientationPortraitUpsideDown UIInterfaceOrientationLandscapeLeft UIInterfaceOrientationLandscapeRight";
				INFOPLIST_KEY_UISupportedInterfaceOrientations_iPhone = "UIInterfaceOrientationPortrait UIInterfaceOrientationLandscapeLeft UIInterfaceOrientationLandscapeRight";
				IPHONEOS_DEPLOYMENT_TARGET = 14.0;
				LD_RUNPATH_SEARCH_PATHS = (
					"$(inherited)",
					"@executable_path/Frameworks",
				);
				MARKETING_VERSION = 1.0;
				PRODUCT_BUNDLE_IDENTIFIER = hshotaro.videoswiftui;
				PRODUCT_NAME = "$(TARGET_NAME)";
				PROVISIONING_PROFILE_SPECIFIER = video_swiftui_prod;
				SWIFT_EMIT_LOC_STRINGS = YES;
				SWIFT_VERSION = 5.0;
				TARGETED_DEVICE_FAMILY = "1,2";
			};
			name = Release;
		};
		CB91E61B2709CB3700052541 /* Debug */ = {
			isa = XCBuildConfiguration;
			buildSettings = {
				ALWAYS_EMBED_SWIFT_STANDARD_LIBRARIES = YES;
				BUNDLE_LOADER = "$(TEST_HOST)";
				CODE_SIGN_STYLE = Automatic;
				CURRENT_PROJECT_VERSION = 1;
				DEVELOPMENT_TEAM = T8D5642T4Z;
				GENERATE_INFOPLIST_FILE = YES;
				IPHONEOS_DEPLOYMENT_TARGET = 14.0;
				LD_RUNPATH_SEARCH_PATHS = (
					"$(inherited)",
					"@executable_path/Frameworks",
					"@loader_path/Frameworks",
				);
				MARKETING_VERSION = 1.0;
				PRODUCT_BUNDLE_IDENTIFIER = "hshotaro.video.swiftui.Video-SwiftUITests";
				PRODUCT_NAME = "$(TARGET_NAME)";
				SWIFT_EMIT_LOC_STRINGS = NO;
				SWIFT_VERSION = 5.0;
				TARGETED_DEVICE_FAMILY = "1,2";
				TEST_HOST = "$(BUILT_PRODUCTS_DIR)/Video_SwiftUI.app/Video_SwiftUI";
			};
			name = Debug;
		};
		CB91E61C2709CB3700052541 /* Release */ = {
			isa = XCBuildConfiguration;
			buildSettings = {
				ALWAYS_EMBED_SWIFT_STANDARD_LIBRARIES = YES;
				BUNDLE_LOADER = "$(TEST_HOST)";
				CODE_SIGN_STYLE = Automatic;
				CURRENT_PROJECT_VERSION = 1;
				DEVELOPMENT_TEAM = T8D5642T4Z;
				GENERATE_INFOPLIST_FILE = YES;
				IPHONEOS_DEPLOYMENT_TARGET = 14.0;
				LD_RUNPATH_SEARCH_PATHS = (
					"$(inherited)",
					"@executable_path/Frameworks",
					"@loader_path/Frameworks",
				);
				MARKETING_VERSION = 1.0;
				PRODUCT_BUNDLE_IDENTIFIER = "hshotaro.video.swiftui.Video-SwiftUITests";
				PRODUCT_NAME = "$(TARGET_NAME)";
				SWIFT_EMIT_LOC_STRINGS = NO;
				SWIFT_VERSION = 5.0;
				TARGETED_DEVICE_FAMILY = "1,2";
				TEST_HOST = "$(BUILT_PRODUCTS_DIR)/Video_SwiftUI.app/Video_SwiftUI";
			};
			name = Release;
		};
		CB91E61E2709CB3700052541 /* Debug */ = {
			isa = XCBuildConfiguration;
			buildSettings = {
				ALWAYS_EMBED_SWIFT_STANDARD_LIBRARIES = YES;
				CODE_SIGN_STYLE = Automatic;
				CURRENT_PROJECT_VERSION = 1;
				DEVELOPMENT_TEAM = T8D5642T4Z;
				GENERATE_INFOPLIST_FILE = YES;
				LD_RUNPATH_SEARCH_PATHS = (
					"$(inherited)",
					"@executable_path/Frameworks",
					"@loader_path/Frameworks",
				);
				MARKETING_VERSION = 1.0;
				PRODUCT_BUNDLE_IDENTIFIER = "hshotaro.video.swiftui.Video-SwiftUIUITests";
				PRODUCT_NAME = "$(TARGET_NAME)";
				SWIFT_EMIT_LOC_STRINGS = NO;
				SWIFT_VERSION = 5.0;
				TARGETED_DEVICE_FAMILY = "1,2";
				TEST_TARGET_NAME = Video_SwiftUI;
			};
			name = Debug;
		};
		CB91E61F2709CB3700052541 /* Release */ = {
			isa = XCBuildConfiguration;
			buildSettings = {
				ALWAYS_EMBED_SWIFT_STANDARD_LIBRARIES = YES;
				CODE_SIGN_STYLE = Automatic;
				CURRENT_PROJECT_VERSION = 1;
				DEVELOPMENT_TEAM = T8D5642T4Z;
				GENERATE_INFOPLIST_FILE = YES;
				LD_RUNPATH_SEARCH_PATHS = (
					"$(inherited)",
					"@executable_path/Frameworks",
					"@loader_path/Frameworks",
				);
				MARKETING_VERSION = 1.0;
				PRODUCT_BUNDLE_IDENTIFIER = "hshotaro.video.swiftui.Video-SwiftUIUITests";
				PRODUCT_NAME = "$(TARGET_NAME)";
				SWIFT_EMIT_LOC_STRINGS = NO;
				SWIFT_VERSION = 5.0;
				TARGETED_DEVICE_FAMILY = "1,2";
				TEST_TARGET_NAME = Video_SwiftUI;
			};
			name = Release;
		};
/* End XCBuildConfiguration section */

/* Begin XCConfigurationList section */
		CB91E5EE2709CB3600052541 /* Build configuration list for PBXProject "Video_SwiftUI" */ = {
			isa = XCConfigurationList;
			buildConfigurations = (
				CB91E6152709CB3700052541 /* Debug */,
				CB91E6162709CB3700052541 /* Release */,
			);
			defaultConfigurationIsVisible = 0;
			defaultConfigurationName = Release;
		};
		CB91E6172709CB3700052541 /* Build configuration list for PBXNativeTarget "Video_SwiftUI" */ = {
			isa = XCConfigurationList;
			buildConfigurations = (
				CB91E6182709CB3700052541 /* Debug */,
				CB91E6192709CB3700052541 /* Release */,
			);
			defaultConfigurationIsVisible = 0;
			defaultConfigurationName = Release;
		};
		CB91E61A2709CB3700052541 /* Build configuration list for PBXNativeTarget "Video_SwiftUITests" */ = {
			isa = XCConfigurationList;
			buildConfigurations = (
				CB91E61B2709CB3700052541 /* Debug */,
				CB91E61C2709CB3700052541 /* Release */,
			);
			defaultConfigurationIsVisible = 0;
			defaultConfigurationName = Release;
		};
		CB91E61D2709CB3700052541 /* Build configuration list for PBXNativeTarget "Video_SwiftUIUITests" */ = {
			isa = XCConfigurationList;
			buildConfigurations = (
				CB91E61E2709CB3700052541 /* Debug */,
				CB91E61F2709CB3700052541 /* Release */,
			);
			defaultConfigurationIsVisible = 0;
			defaultConfigurationName = Release;
		};
/* End XCConfigurationList section */
	};
	rootObject = CB91E5EB2709CB3600052541 /* Project object */;
}
