// !$*UTF8*$!
{
	archiveVersion = 1;
	classes = {
	};
	objectVersion = 55;
	objects = {

/* Begin PBXBuildFile section */
		38B471B186BD3AF2E2D94145 /* Pods_Video_SwiftUI_Video_SwiftUIUITests.framework in Frameworks */ = {isa = PBXBuildFile; fileRef = 3B3660C3C449A8B981A78226 /* Pods_Video_SwiftUI_Video_SwiftUIUITests.framework */; };
		B8543EE18759F6BAA97B2A8F /* Pods_Video_SwiftUITests.framework in Frameworks */ = {isa = PBXBuildFile; fileRef = 8FA0FDEE600F1D3FC6A978B5 /* Pods_Video_SwiftUITests.framework */; };
		CB54522D2709C8B50093A468 /* SDWebImage.xcframework in Frameworks */ = {isa = PBXBuildFile; fileRef = CB54522C2709C8B50093A468 /* SDWebImage.xcframework */; };
		CB54522E2709C8B50093A468 /* SDWebImage.xcframework in Embed Frameworks */ = {isa = PBXBuildFile; fileRef = CB54522C2709C8B50093A468 /* SDWebImage.xcframework */; settings = {ATTRIBUTES = (CodeSignOnCopy, RemoveHeadersOnCopy, ); }; };
		CB7E26C12709AFAF00D344A6 /* Video_SwiftUIApp.swift in Sources */ = {isa = PBXBuildFile; fileRef = CB7E26C02709AFAF00D344A6 /* Video_SwiftUIApp.swift */; };
		CB7E26C32709AFAF00D344A6 /* ContentView.swift in Sources */ = {isa = PBXBuildFile; fileRef = CB7E26C22709AFAF00D344A6 /* ContentView.swift */; };
		CB7E26C52709AFB000D344A6 /* Assets.xcassets in Resources */ = {isa = PBXBuildFile; fileRef = CB7E26C42709AFB000D344A6 /* Assets.xcassets */; };
		CB7E26C82709AFB000D344A6 /* Preview Assets.xcassets in Resources */ = {isa = PBXBuildFile; fileRef = CB7E26C72709AFB000D344A6 /* Preview Assets.xcassets */; };
		CB7E26D22709AFB100D344A6 /* Video_SwiftUITests.swift in Sources */ = {isa = PBXBuildFile; fileRef = CB7E26D12709AFB100D344A6 /* Video_SwiftUITests.swift */; };
		CB7E26DC2709AFB100D344A6 /* Video_SwiftUIUITests.swift in Sources */ = {isa = PBXBuildFile; fileRef = CB7E26DB2709AFB100D344A6 /* Video_SwiftUIUITests.swift */; };
		CB7E26DE2709AFB100D344A6 /* Video_SwiftUIUITestsLaunchTests.swift in Sources */ = {isa = PBXBuildFile; fileRef = CB7E26DD2709AFB100D344A6 /* Video_SwiftUIUITestsLaunchTests.swift */; };
		CF64FE21E176F898D27762AB /* Pods_Video_SwiftUI.framework in Frameworks */ = {isa = PBXBuildFile; fileRef = 5EB300BB9EE63B25AA163422 /* Pods_Video_SwiftUI.framework */; };
/* End PBXBuildFile section */

/* Begin PBXContainerItemProxy section */
		CB7E26CE2709AFB100D344A6 /* PBXContainerItemProxy */ = {
			isa = PBXContainerItemProxy;
			containerPortal = CB7E26B52709AFAF00D344A6 /* Project object */;
			proxyType = 1;
			remoteGlobalIDString = CB7E26BC2709AFAF00D344A6;
			remoteInfo = Video_SwiftUI;
		};
		CB7E26D82709AFB100D344A6 /* PBXContainerItemProxy */ = {
			isa = PBXContainerItemProxy;
			containerPortal = CB7E26B52709AFAF00D344A6 /* Project object */;
			proxyType = 1;
			remoteGlobalIDString = CB7E26BC2709AFAF00D344A6;
			remoteInfo = Video_SwiftUI;
		};
/* End PBXContainerItemProxy section */

/* Begin PBXCopyFilesBuildPhase section */
		CB54522F2709C8B50093A468 /* Embed Frameworks */ = {
			isa = PBXCopyFilesBuildPhase;
			buildActionMask = 2147483647;
			dstPath = "";
			dstSubfolderSpec = 10;
			files = (
				CB54522E2709C8B50093A468 /* SDWebImage.xcframework in Embed Frameworks */,
			);
			name = "Embed Frameworks";
			runOnlyForDeploymentPostprocessing = 0;
		};
/* End PBXCopyFilesBuildPhase section */

/* Begin PBXFileReference section */
		0A83E6260CD76908FE7A9C15 /* Pods-Video_SwiftUI.release.xcconfig */ = {isa = PBXFileReference; includeInIndex = 1; lastKnownFileType = text.xcconfig; name = "Pods-Video_SwiftUI.release.xcconfig"; path = "Target Support Files/Pods-Video_SwiftUI/Pods-Video_SwiftUI.release.xcconfig"; sourceTree = "<group>"; };
		2295E0870487A8DA876EB8E2 /* Pods-Video_SwiftUI.debug.xcconfig */ = {isa = PBXFileReference; includeInIndex = 1; lastKnownFileType = text.xcconfig; name = "Pods-Video_SwiftUI.debug.xcconfig"; path = "Target Support Files/Pods-Video_SwiftUI/Pods-Video_SwiftUI.debug.xcconfig"; sourceTree = "<group>"; };
		3B3660C3C449A8B981A78226 /* Pods_Video_SwiftUI_Video_SwiftUIUITests.framework */ = {isa = PBXFileReference; explicitFileType = wrapper.framework; includeInIndex = 0; path = Pods_Video_SwiftUI_Video_SwiftUIUITests.framework; sourceTree = BUILT_PRODUCTS_DIR; };
		5EB300BB9EE63B25AA163422 /* Pods_Video_SwiftUI.framework */ = {isa = PBXFileReference; explicitFileType = wrapper.framework; includeInIndex = 0; path = Pods_Video_SwiftUI.framework; sourceTree = BUILT_PRODUCTS_DIR; };
		8FA0FDEE600F1D3FC6A978B5 /* Pods_Video_SwiftUITests.framework */ = {isa = PBXFileReference; explicitFileType = wrapper.framework; includeInIndex = 0; path = Pods_Video_SwiftUITests.framework; sourceTree = BUILT_PRODUCTS_DIR; };
		9A5BEA863EDFBE568FAE5649 /* Pods-Video_SwiftUITests.release.xcconfig */ = {isa = PBXFileReference; includeInIndex = 1; lastKnownFileType = text.xcconfig; name = "Pods-Video_SwiftUITests.release.xcconfig"; path = "Target Support Files/Pods-Video_SwiftUITests/Pods-Video_SwiftUITests.release.xcconfig"; sourceTree = "<group>"; };
		CB54522C2709C8B50093A468 /* SDWebImage.xcframework */ = {isa = PBXFileReference; lastKnownFileType = wrapper.xcframework; name = SDWebImage.xcframework; path = Carthage/Build/SDWebImage.xcframework; sourceTree = "<group>"; };
		CB7E26BD2709AFAF00D344A6 /* Video_SwiftUI.app */ = {isa = PBXFileReference; explicitFileType = wrapper.application; includeInIndex = 0; path = Video_SwiftUI.app; sourceTree = BUILT_PRODUCTS_DIR; };
		CB7E26C02709AFAF00D344A6 /* Video_SwiftUIApp.swift */ = {isa = PBXFileReference; lastKnownFileType = sourcecode.swift; path = Video_SwiftUIApp.swift; sourceTree = "<group>"; };
		CB7E26C22709AFAF00D344A6 /* ContentView.swift */ = {isa = PBXFileReference; lastKnownFileType = sourcecode.swift; path = ContentView.swift; sourceTree = "<group>"; };
		CB7E26C42709AFB000D344A6 /* Assets.xcassets */ = {isa = PBXFileReference; lastKnownFileType = folder.assetcatalog; path = Assets.xcassets; sourceTree = "<group>"; };
		CB7E26C72709AFB000D344A6 /* Preview Assets.xcassets */ = {isa = PBXFileReference; lastKnownFileType = folder.assetcatalog; path = "Preview Assets.xcassets"; sourceTree = "<group>"; };
		CB7E26CD2709AFB100D344A6 /* Video_SwiftUITests.xctest */ = {isa = PBXFileReference; explicitFileType = wrapper.cfbundle; includeInIndex = 0; path = Video_SwiftUITests.xctest; sourceTree = BUILT_PRODUCTS_DIR; };
		CB7E26D12709AFB100D344A6 /* Video_SwiftUITests.swift */ = {isa = PBXFileReference; lastKnownFileType = sourcecode.swift; path = Video_SwiftUITests.swift; sourceTree = "<group>"; };
		CB7E26D72709AFB100D344A6 /* Video_SwiftUIUITests.xctest */ = {isa = PBXFileReference; explicitFileType = wrapper.cfbundle; includeInIndex = 0; path = Video_SwiftUIUITests.xctest; sourceTree = BUILT_PRODUCTS_DIR; };
		CB7E26DB2709AFB100D344A6 /* Video_SwiftUIUITests.swift */ = {isa = PBXFileReference; lastKnownFileType = sourcecode.swift; path = Video_SwiftUIUITests.swift; sourceTree = "<group>"; };
		CB7E26DD2709AFB100D344A6 /* Video_SwiftUIUITestsLaunchTests.swift */ = {isa = PBXFileReference; lastKnownFileType = sourcecode.swift; path = Video_SwiftUIUITestsLaunchTests.swift; sourceTree = "<group>"; };
		D8ABC4709856AD05071F0BC5 /* Pods-Video_SwiftUITests.debug.xcconfig */ = {isa = PBXFileReference; includeInIndex = 1; lastKnownFileType = text.xcconfig; name = "Pods-Video_SwiftUITests.debug.xcconfig"; path = "Target Support Files/Pods-Video_SwiftUITests/Pods-Video_SwiftUITests.debug.xcconfig"; sourceTree = "<group>"; };
		DB5969F56BBC9AA4D37B0A81 /* Pods-Video_SwiftUI-Video_SwiftUIUITests.debug.xcconfig */ = {isa = PBXFileReference; includeInIndex = 1; lastKnownFileType = text.xcconfig; name = "Pods-Video_SwiftUI-Video_SwiftUIUITests.debug.xcconfig"; path = "Target Support Files/Pods-Video_SwiftUI-Video_SwiftUIUITests/Pods-Video_SwiftUI-Video_SwiftUIUITests.debug.xcconfig"; sourceTree = "<group>"; };
		EE03B3F19A54BE8A772E4429 /* Pods-Video_SwiftUI-Video_SwiftUIUITests.release.xcconfig */ = {isa = PBXFileReference; includeInIndex = 1; lastKnownFileType = text.xcconfig; name = "Pods-Video_SwiftUI-Video_SwiftUIUITests.release.xcconfig"; path = "Target Support Files/Pods-Video_SwiftUI-Video_SwiftUIUITests/Pods-Video_SwiftUI-Video_SwiftUIUITests.release.xcconfig"; sourceTree = "<group>"; };
/* End PBXFileReference section */

/* Begin PBXFrameworksBuildPhase section */
		CB7E26BA2709AFAF00D344A6 /* Frameworks */ = {
			isa = PBXFrameworksBuildPhase;
			buildActionMask = 2147483647;
			files = (
				CF64FE21E176F898D27762AB /* Pods_Video_SwiftUI.framework in Frameworks */,
				CB54522D2709C8B50093A468 /* SDWebImage.xcframework in Frameworks */,
			);
			runOnlyForDeploymentPostprocessing = 0;
		};
		CB7E26CA2709AFB100D344A6 /* Frameworks */ = {
			isa = PBXFrameworksBuildPhase;
			buildActionMask = 2147483647;
			files = (
				B8543EE18759F6BAA97B2A8F /* Pods_Video_SwiftUITests.framework in Frameworks */,
			);
			runOnlyForDeploymentPostprocessing = 0;
		};
		CB7E26D42709AFB100D344A6 /* Frameworks */ = {
			isa = PBXFrameworksBuildPhase;
			buildActionMask = 2147483647;
			files = (
				38B471B186BD3AF2E2D94145 /* Pods_Video_SwiftUI_Video_SwiftUIUITests.framework in Frameworks */,
			);
			runOnlyForDeploymentPostprocessing = 0;
		};
/* End PBXFrameworksBuildPhase section */

/* Begin PBXGroup section */
		818F5DAFAFDFFE95F943F86C /* Pods */ = {
			isa = PBXGroup;
			children = (
				2295E0870487A8DA876EB8E2 /* Pods-Video_SwiftUI.debug.xcconfig */,
				0A83E6260CD76908FE7A9C15 /* Pods-Video_SwiftUI.release.xcconfig */,
				DB5969F56BBC9AA4D37B0A81 /* Pods-Video_SwiftUI-Video_SwiftUIUITests.debug.xcconfig */,
				EE03B3F19A54BE8A772E4429 /* Pods-Video_SwiftUI-Video_SwiftUIUITests.release.xcconfig */,
				D8ABC4709856AD05071F0BC5 /* Pods-Video_SwiftUITests.debug.xcconfig */,
				9A5BEA863EDFBE568FAE5649 /* Pods-Video_SwiftUITests.release.xcconfig */,
			);
			path = Pods;
			sourceTree = "<group>";
		};
		CB7E26B42709AFAF00D344A6 = {
			isa = PBXGroup;
			children = (
				CB7E26BF2709AFAF00D344A6 /* Video_SwiftUI */,
				CB7E26D02709AFB100D344A6 /* Video_SwiftUITests */,
				CB7E26DA2709AFB100D344A6 /* Video_SwiftUIUITests */,
				CB7E26BE2709AFAF00D344A6 /* Products */,
				818F5DAFAFDFFE95F943F86C /* Pods */,
				D1CD225674DE488BF62012F5 /* Frameworks */,
			);
			sourceTree = "<group>";
		};
		CB7E26BE2709AFAF00D344A6 /* Products */ = {
			isa = PBXGroup;
			children = (
				CB7E26BD2709AFAF00D344A6 /* Video_SwiftUI.app */,
				CB7E26CD2709AFB100D344A6 /* Video_SwiftUITests.xctest */,
				CB7E26D72709AFB100D344A6 /* Video_SwiftUIUITests.xctest */,
			);
			name = Products;
			sourceTree = "<group>";
		};
		CB7E26BF2709AFAF00D344A6 /* Video_SwiftUI */ = {
			isa = PBXGroup;
			children = (
				CB7E26C02709AFAF00D344A6 /* Video_SwiftUIApp.swift */,
				CB7E26C22709AFAF00D344A6 /* ContentView.swift */,
				CB7E26C42709AFB000D344A6 /* Assets.xcassets */,
				CB7E26C62709AFB000D344A6 /* Preview Content */,
			);
			path = Video_SwiftUI;
			sourceTree = "<group>";
		};
		CB7E26C62709AFB000D344A6 /* Preview Content */ = {
			isa = PBXGroup;
			children = (
				CB7E26C72709AFB000D344A6 /* Preview Assets.xcassets */,
			);
			path = "Preview Content";
			sourceTree = "<group>";
		};
		CB7E26D02709AFB100D344A6 /* Video_SwiftUITests */ = {
			isa = PBXGroup;
			children = (
				CB7E26D12709AFB100D344A6 /* Video_SwiftUITests.swift */,
			);
			path = Video_SwiftUITests;
			sourceTree = "<group>";
		};
		CB7E26DA2709AFB100D344A6 /* Video_SwiftUIUITests */ = {
			isa = PBXGroup;
			children = (
				CB7E26DB2709AFB100D344A6 /* Video_SwiftUIUITests.swift */,
				CB7E26DD2709AFB100D344A6 /* Video_SwiftUIUITestsLaunchTests.swift */,
			);
			path = Video_SwiftUIUITests;
			sourceTree = "<group>";
		};
		D1CD225674DE488BF62012F5 /* Frameworks */ = {
			isa = PBXGroup;
			children = (
				CB54522C2709C8B50093A468 /* SDWebImage.xcframework */,
				5EB300BB9EE63B25AA163422 /* Pods_Video_SwiftUI.framework */,
				3B3660C3C449A8B981A78226 /* Pods_Video_SwiftUI_Video_SwiftUIUITests.framework */,
				8FA0FDEE600F1D3FC6A978B5 /* Pods_Video_SwiftUITests.framework */,
			);
			name = Frameworks;
			sourceTree = "<group>";
		};
/* End PBXGroup section */

/* Begin PBXNativeTarget section */
		CB7E26BC2709AFAF00D344A6 /* Video_SwiftUI */ = {
			isa = PBXNativeTarget;
			buildConfigurationList = CB7E26E12709AFB100D344A6 /* Build configuration list for PBXNativeTarget "Video_SwiftUI" */;
			buildPhases = (
				4CCB292E7D418433EBB40D65 /* [CP] Check Pods Manifest.lock */,
				CB7E26B92709AFAF00D344A6 /* Sources */,
				CB7E26BA2709AFAF00D344A6 /* Frameworks */,
				CB7E26BB2709AFAF00D344A6 /* Resources */,
				CB54522F2709C8B50093A468 /* Embed Frameworks */,
			);
			buildRules = (
			);
			dependencies = (
			);
			name = Video_SwiftUI;
			productName = Video_SwiftUI;
			productReference = CB7E26BD2709AFAF00D344A6 /* Video_SwiftUI.app */;
			productType = "com.apple.product-type.application";
		};
		CB7E26CC2709AFB100D344A6 /* Video_SwiftUITests */ = {
			isa = PBXNativeTarget;
			buildConfigurationList = CB7E26E42709AFB100D344A6 /* Build configuration list for PBXNativeTarget "Video_SwiftUITests" */;
			buildPhases = (
				EB5DF47C62A83509CA5BBA0B /* [CP] Check Pods Manifest.lock */,
				CB7E26C92709AFB100D344A6 /* Sources */,
				CB7E26CA2709AFB100D344A6 /* Frameworks */,
				CB7E26CB2709AFB100D344A6 /* Resources */,
			);
			buildRules = (
			);
			dependencies = (
				CB7E26CF2709AFB100D344A6 /* PBXTargetDependency */,
			);
			name = Video_SwiftUITests;
			productName = Video_SwiftUITests;
			productReference = CB7E26CD2709AFB100D344A6 /* Video_SwiftUITests.xctest */;
			productType = "com.apple.product-type.bundle.unit-test";
		};
		CB7E26D62709AFB100D344A6 /* Video_SwiftUIUITests */ = {
			isa = PBXNativeTarget;
			buildConfigurationList = CB7E26E72709AFB100D344A6 /* Build configuration list for PBXNativeTarget "Video_SwiftUIUITests" */;
			buildPhases = (
				24303BEC3C2BF7FAB2F3A864 /* [CP] Check Pods Manifest.lock */,
				CB7E26D32709AFB100D344A6 /* Sources */,
				CB7E26D42709AFB100D344A6 /* Frameworks */,
				CB7E26D52709AFB100D344A6 /* Resources */,
			);
			buildRules = (
			);
			dependencies = (
				CB7E26D92709AFB100D344A6 /* PBXTargetDependency */,
			);
			name = Video_SwiftUIUITests;
			productName = Video_SwiftUIUITests;
			productReference = CB7E26D72709AFB100D344A6 /* Video_SwiftUIUITests.xctest */;
			productType = "com.apple.product-type.bundle.ui-testing";
		};
/* End PBXNativeTarget section */

/* Begin PBXProject section */
		CB7E26B52709AFAF00D344A6 /* Project object */ = {
			isa = PBXProject;
			attributes = {
				BuildIndependentTargetsInParallel = 1;
				LastSwiftUpdateCheck = 1300;
				LastUpgradeCheck = 1300;
				TargetAttributes = {
					CB7E26BC2709AFAF00D344A6 = {
						CreatedOnToolsVersion = 13.0;
					};
					CB7E26CC2709AFB100D344A6 = {
						CreatedOnToolsVersion = 13.0;
						TestTargetID = CB7E26BC2709AFAF00D344A6;
					};
					CB7E26D62709AFB100D344A6 = {
						CreatedOnToolsVersion = 13.0;
						TestTargetID = CB7E26BC2709AFAF00D344A6;
					};
				};
			};
			buildConfigurationList = CB7E26B82709AFAF00D344A6 /* Build configuration list for PBXProject "Video_SwiftUI" */;
			compatibilityVersion = "Xcode 13.0";
			developmentRegion = en;
			hasScannedForEncodings = 0;
			knownRegions = (
				en,
				Base,
			);
			mainGroup = CB7E26B42709AFAF00D344A6;
			productRefGroup = CB7E26BE2709AFAF00D344A6 /* Products */;
			projectDirPath = "";
			projectRoot = "";
			targets = (
				CB7E26BC2709AFAF00D344A6 /* Video_SwiftUI */,
				CB7E26CC2709AFB100D344A6 /* Video_SwiftUITests */,
				CB7E26D62709AFB100D344A6 /* Video_SwiftUIUITests */,
			);
		};
/* End PBXProject section */

/* Begin PBXResourcesBuildPhase section */
		CB7E26BB2709AFAF00D344A6 /* Resources */ = {
			isa = PBXResourcesBuildPhase;
			buildActionMask = 2147483647;
			files = (
				CB7E26C82709AFB000D344A6 /* Preview Assets.xcassets in Resources */,
				CB7E26C52709AFB000D344A6 /* Assets.xcassets in Resources */,
			);
			runOnlyForDeploymentPostprocessing = 0;
		};
		CB7E26CB2709AFB100D344A6 /* Resources */ = {
			isa = PBXResourcesBuildPhase;
			buildActionMask = 2147483647;
			files = (
			);
			runOnlyForDeploymentPostprocessing = 0;
		};
		CB7E26D52709AFB100D344A6 /* Resources */ = {
			isa = PBXResourcesBuildPhase;
			buildActionMask = 2147483647;
			files = (
			);
			runOnlyForDeploymentPostprocessing = 0;
		};
/* End PBXResourcesBuildPhase section */

/* Begin PBXShellScriptBuildPhase section */
		24303BEC3C2BF7FAB2F3A864 /* [CP] Check Pods Manifest.lock */ = {
			isa = PBXShellScriptBuildPhase;
			buildActionMask = 2147483647;
			files = (
			);
			inputFileListPaths = (
			);
			inputPaths = (
				"${PODS_PODFILE_DIR_PATH}/Podfile.lock",
				"${PODS_ROOT}/Manifest.lock",
			);
			name = "[CP] Check Pods Manifest.lock";
			outputFileListPaths = (
			);
			outputPaths = (
				"$(DERIVED_FILE_DIR)/Pods-Video_SwiftUI-Video_SwiftUIUITests-checkManifestLockResult.txt",
			);
			runOnlyForDeploymentPostprocessing = 0;
			shellPath = /bin/sh;
			shellScript = "diff \"${PODS_PODFILE_DIR_PATH}/Podfile.lock\" \"${PODS_ROOT}/Manifest.lock\" > /dev/null\nif [ $? != 0 ] ; then\n    # print error to STDERR\n    echo \"error: The sandbox is not in sync with the Podfile.lock. Run 'pod install' or update your CocoaPods installation.\" >&2\n    exit 1\nfi\n# This output is used by Xcode 'outputs' to avoid re-running this script phase.\necho \"SUCCESS\" > \"${SCRIPT_OUTPUT_FILE_0}\"\n";
			showEnvVarsInLog = 0;
		};
		4CCB292E7D418433EBB40D65 /* [CP] Check Pods Manifest.lock */ = {
			isa = PBXShellScriptBuildPhase;
			buildActionMask = 2147483647;
			files = (
			);
			inputFileListPaths = (
			);
			inputPaths = (
				"${PODS_PODFILE_DIR_PATH}/Podfile.lock",
				"${PODS_ROOT}/Manifest.lock",
			);
			name = "[CP] Check Pods Manifest.lock";
			outputFileListPaths = (
			);
			outputPaths = (
				"$(DERIVED_FILE_DIR)/Pods-Video_SwiftUI-checkManifestLockResult.txt",
			);
			runOnlyForDeploymentPostprocessing = 0;
			shellPath = /bin/sh;
			shellScript = "diff \"${PODS_PODFILE_DIR_PATH}/Podfile.lock\" \"${PODS_ROOT}/Manifest.lock\" > /dev/null\nif [ $? != 0 ] ; then\n    # print error to STDERR\n    echo \"error: The sandbox is not in sync with the Podfile.lock. Run 'pod install' or update your CocoaPods installation.\" >&2\n    exit 1\nfi\n# This output is used by Xcode 'outputs' to avoid re-running this script phase.\necho \"SUCCESS\" > \"${SCRIPT_OUTPUT_FILE_0}\"\n";
			showEnvVarsInLog = 0;
		};
		EB5DF47C62A83509CA5BBA0B /* [CP] Check Pods Manifest.lock */ = {
			isa = PBXShellScriptBuildPhase;
			buildActionMask = 2147483647;
			files = (
			);
			inputFileListPaths = (
			);
			inputPaths = (
				"${PODS_PODFILE_DIR_PATH}/Podfile.lock",
				"${PODS_ROOT}/Manifest.lock",
			);
			name = "[CP] Check Pods Manifest.lock";
			outputFileListPaths = (
			);
			outputPaths = (
				"$(DERIVED_FILE_DIR)/Pods-Video_SwiftUITests-checkManifestLockResult.txt",
			);
			runOnlyForDeploymentPostprocessing = 0;
			shellPath = /bin/sh;
			shellScript = "diff \"${PODS_PODFILE_DIR_PATH}/Podfile.lock\" \"${PODS_ROOT}/Manifest.lock\" > /dev/null\nif [ $? != 0 ] ; then\n    # print error to STDERR\n    echo \"error: The sandbox is not in sync with the Podfile.lock. Run 'pod install' or update your CocoaPods installation.\" >&2\n    exit 1\nfi\n# This output is used by Xcode 'outputs' to avoid re-running this script phase.\necho \"SUCCESS\" > \"${SCRIPT_OUTPUT_FILE_0}\"\n";
			showEnvVarsInLog = 0;
		};
/* End PBXShellScriptBuildPhase section */

/* Begin PBXSourcesBuildPhase section */
		CB7E26B92709AFAF00D344A6 /* Sources */ = {
			isa = PBXSourcesBuildPhase;
			buildActionMask = 2147483647;
			files = (
				CB7E26C32709AFAF00D344A6 /* ContentView.swift in Sources */,
				CB7E26C12709AFAF00D344A6 /* Video_SwiftUIApp.swift in Sources */,
			);
			runOnlyForDeploymentPostprocessing = 0;
		};
		CB7E26C92709AFB100D344A6 /* Sources */ = {
			isa = PBXSourcesBuildPhase;
			buildActionMask = 2147483647;
			files = (
				CB7E26D22709AFB100D344A6 /* Video_SwiftUITests.swift in Sources */,
			);
			runOnlyForDeploymentPostprocessing = 0;
		};
		CB7E26D32709AFB100D344A6 /* Sources */ = {
			isa = PBXSourcesBuildPhase;
			buildActionMask = 2147483647;
			files = (
				CB7E26DE2709AFB100D344A6 /* Video_SwiftUIUITestsLaunchTests.swift in Sources */,
				CB7E26DC2709AFB100D344A6 /* Video_SwiftUIUITests.swift in Sources */,
			);
			runOnlyForDeploymentPostprocessing = 0;
		};
/* End PBXSourcesBuildPhase section */

/* Begin PBXTargetDependency section */
		CB7E26CF2709AFB100D344A6 /* PBXTargetDependency */ = {
			isa = PBXTargetDependency;
			target = CB7E26BC2709AFAF00D344A6 /* Video_SwiftUI */;
			targetProxy = CB7E26CE2709AFB100D344A6 /* PBXContainerItemProxy */;
		};
		CB7E26D92709AFB100D344A6 /* PBXTargetDependency */ = {
			isa = PBXTargetDependency;
			target = CB7E26BC2709AFAF00D344A6 /* Video_SwiftUI */;
			targetProxy = CB7E26D82709AFB100D344A6 /* PBXContainerItemProxy */;
		};
/* End PBXTargetDependency section */

/* Begin XCBuildConfiguration section */
		CB7E26DF2709AFB100D344A6 /* Debug */ = {
			isa = XCBuildConfiguration;
			buildSettings = {
				ALWAYS_SEARCH_USER_PATHS = NO;
				CLANG_ANALYZER_NONNULL = YES;
				CLANG_ANALYZER_NUMBER_OBJECT_CONVERSION = YES_AGGRESSIVE;
				CLANG_CXX_LANGUAGE_STANDARD = "gnu++17";
				CLANG_CXX_LIBRARY = "libc++";
				CLANG_ENABLE_MODULES = YES;
				CLANG_ENABLE_OBJC_ARC = YES;
				CLANG_ENABLE_OBJC_WEAK = YES;
				CLANG_WARN_BLOCK_CAPTURE_AUTORELEASING = YES;
				CLANG_WARN_BOOL_CONVERSION = YES;
				CLANG_WARN_COMMA = YES;
				CLANG_WARN_CONSTANT_CONVERSION = YES;
				CLANG_WARN_DEPRECATED_OBJC_IMPLEMENTATIONS = YES;
				CLANG_WARN_DIRECT_OBJC_ISA_USAGE = YES_ERROR;
				CLANG_WARN_DOCUMENTATION_COMMENTS = YES;
				CLANG_WARN_EMPTY_BODY = YES;
				CLANG_WARN_ENUM_CONVERSION = YES;
				CLANG_WARN_INFINITE_RECURSION = YES;
				CLANG_WARN_INT_CONVERSION = YES;
				CLANG_WARN_NON_LITERAL_NULL_CONVERSION = YES;
				CLANG_WARN_OBJC_IMPLICIT_RETAIN_SELF = YES;
				CLANG_WARN_OBJC_LITERAL_CONVERSION = YES;
				CLANG_WARN_OBJC_ROOT_CLASS = YES_ERROR;
				CLANG_WARN_QUOTED_INCLUDE_IN_FRAMEWORK_HEADER = YES;
				CLANG_WARN_RANGE_LOOP_ANALYSIS = YES;
				CLANG_WARN_STRICT_PROTOTYPES = YES;
				CLANG_WARN_SUSPICIOUS_MOVE = YES;
				CLANG_WARN_UNGUARDED_AVAILABILITY = YES_AGGRESSIVE;
				CLANG_WARN_UNREACHABLE_CODE = YES;
				CLANG_WARN__DUPLICATE_METHOD_MATCH = YES;
				COPY_PHASE_STRIP = NO;
				DEBUG_INFORMATION_FORMAT = dwarf;
				ENABLE_STRICT_OBJC_MSGSEND = YES;
				ENABLE_TESTABILITY = YES;
				GCC_C_LANGUAGE_STANDARD = gnu11;
				GCC_DYNAMIC_NO_PIC = NO;
				GCC_NO_COMMON_BLOCKS = YES;
				GCC_OPTIMIZATION_LEVEL = 0;
				GCC_PREPROCESSOR_DEFINITIONS = (
					"DEBUG=1",
					"$(inherited)",
				);
				GCC_WARN_64_TO_32_BIT_CONVERSION = YES;
				GCC_WARN_ABOUT_RETURN_TYPE = YES_ERROR;
				GCC_WARN_UNDECLARED_SELECTOR = YES;
				GCC_WARN_UNINITIALIZED_AUTOS = YES_AGGRESSIVE;
				GCC_WARN_UNUSED_FUNCTION = YES;
				GCC_WARN_UNUSED_VARIABLE = YES;
				IPHONEOS_DEPLOYMENT_TARGET = 15.0;
				MTL_ENABLE_DEBUG_INFO = INCLUDE_SOURCE;
				MTL_FAST_MATH = YES;
				ONLY_ACTIVE_ARCH = YES;
				SDKROOT = iphoneos;
				SWIFT_ACTIVE_COMPILATION_CONDITIONS = DEBUG;
				SWIFT_OPTIMIZATION_LEVEL = "-Onone";
			};
			name = Debug;
		};
		CB7E26E02709AFB100D344A6 /* Release */ = {
			isa = XCBuildConfiguration;
			buildSettings = {
				ALWAYS_SEARCH_USER_PATHS = NO;
				CLANG_ANALYZER_NONNULL = YES;
				CLANG_ANALYZER_NUMBER_OBJECT_CONVERSION = YES_AGGRESSIVE;
				CLANG_CXX_LANGUAGE_STANDARD = "gnu++17";
				CLANG_CXX_LIBRARY = "libc++";
				CLANG_ENABLE_MODULES = YES;
				CLANG_ENABLE_OBJC_ARC = YES;
				CLANG_ENABLE_OBJC_WEAK = YES;
				CLANG_WARN_BLOCK_CAPTURE_AUTORELEASING = YES;
				CLANG_WARN_BOOL_CONVERSION = YES;
				CLANG_WARN_COMMA = YES;
				CLANG_WARN_CONSTANT_CONVERSION = YES;
				CLANG_WARN_DEPRECATED_OBJC_IMPLEMENTATIONS = YES;
				CLANG_WARN_DIRECT_OBJC_ISA_USAGE = YES_ERROR;
				CLANG_WARN_DOCUMENTATION_COMMENTS = YES;
				CLANG_WARN_EMPTY_BODY = YES;
				CLANG_WARN_ENUM_CONVERSION = YES;
				CLANG_WARN_INFINITE_RECURSION = YES;
				CLANG_WARN_INT_CONVERSION = YES;
				CLANG_WARN_NON_LITERAL_NULL_CONVERSION = YES;
				CLANG_WARN_OBJC_IMPLICIT_RETAIN_SELF = YES;
				CLANG_WARN_OBJC_LITERAL_CONVERSION = YES;
				CLANG_WARN_OBJC_ROOT_CLASS = YES_ERROR;
				CLANG_WARN_QUOTED_INCLUDE_IN_FRAMEWORK_HEADER = YES;
				CLANG_WARN_RANGE_LOOP_ANALYSIS = YES;
				CLANG_WARN_STRICT_PROTOTYPES = YES;
				CLANG_WARN_SUSPICIOUS_MOVE = YES;
				CLANG_WARN_UNGUARDED_AVAILABILITY = YES_AGGRESSIVE;
				CLANG_WARN_UNREACHABLE_CODE = YES;
				CLANG_WARN__DUPLICATE_METHOD_MATCH = YES;
				COPY_PHASE_STRIP = NO;
				DEBUG_INFORMATION_FORMAT = "dwarf-with-dsym";
				ENABLE_NS_ASSERTIONS = NO;
				ENABLE_STRICT_OBJC_MSGSEND = YES;
				GCC_C_LANGUAGE_STANDARD = gnu11;
				GCC_NO_COMMON_BLOCKS = YES;
				GCC_WARN_64_TO_32_BIT_CONVERSION = YES;
				GCC_WARN_ABOUT_RETURN_TYPE = YES_ERROR;
				GCC_WARN_UNDECLARED_SELECTOR = YES;
				GCC_WARN_UNINITIALIZED_AUTOS = YES_AGGRESSIVE;
				GCC_WARN_UNUSED_FUNCTION = YES;
				GCC_WARN_UNUSED_VARIABLE = YES;
				IPHONEOS_DEPLOYMENT_TARGET = 15.0;
				MTL_ENABLE_DEBUG_INFO = NO;
				MTL_FAST_MATH = YES;
				SDKROOT = iphoneos;
				SWIFT_COMPILATION_MODE = wholemodule;
				SWIFT_OPTIMIZATION_LEVEL = "-O";
				VALIDATE_PRODUCT = YES;
			};
			name = Release;
		};
		CB7E26E22709AFB100D344A6 /* Debug */ = {
			isa = XCBuildConfiguration;
			baseConfigurationReference = 2295E0870487A8DA876EB8E2 /* Pods-Video_SwiftUI.debug.xcconfig */;
			buildSettings = {
				ASSETCATALOG_COMPILER_APPICON_NAME = AppIcon;
				ASSETCATALOG_COMPILER_GLOBAL_ACCENT_COLOR_NAME = AccentColor;
				CODE_SIGN_STYLE = Automatic;
				CURRENT_PROJECT_VERSION = 1;
				DEVELOPMENT_ASSET_PATHS = "\"Video_SwiftUI/Preview Content\"";
				DEVELOPMENT_TEAM = T8D5642T4Z;
				ENABLE_PREVIEWS = YES;
				GENERATE_INFOPLIST_FILE = YES;
				INFOPLIST_KEY_UIApplicationSceneManifest_Generation = YES;
				INFOPLIST_KEY_UIApplicationSupportsIndirectInputEvents = YES;
				INFOPLIST_KEY_UILaunchScreen_Generation = YES;
				INFOPLIST_KEY_UISupportedInterfaceOrientations_iPad = "UIInterfaceOrientationPortrait UIInterfaceOrientationPortraitUpsideDown UIInterfaceOrientationLandscapeLeft UIInterfaceOrientationLandscapeRight";
				INFOPLIST_KEY_UISupportedInterfaceOrientations_iPhone = "UIInterfaceOrientationPortrait UIInterfaceOrientationLandscapeLeft UIInterfaceOrientationLandscapeRight";
				IPHONEOS_DEPLOYMENT_TARGET = 14.0;
				LD_RUNPATH_SEARCH_PATHS = (
					"$(inherited)",
					"@executable_path/Frameworks",
				);
				MARKETING_VERSION = 1.0;
				PRODUCT_BUNDLE_IDENTIFIER = "hshotaro.video.swiftui.Video-SwiftUI";
				PRODUCT_NAME = "$(TARGET_NAME)";
				SWIFT_EMIT_LOC_STRINGS = YES;
				SWIFT_VERSION = 5.0;
				TARGETED_DEVICE_FAMILY = "1,2";
			};
			name = Debug;
		};
		CB7E26E32709AFB100D344A6 /* Release */ = {
			isa = XCBuildConfiguration;
			baseConfigurationReference = 0A83E6260CD76908FE7A9C15 /* Pods-Video_SwiftUI.release.xcconfig */;
			buildSettings = {
				ASSETCATALOG_COMPILER_APPICON_NAME = AppIcon;
				ASSETCATALOG_COMPILER_GLOBAL_ACCENT_COLOR_NAME = AccentColor;
				CODE_SIGN_STYLE = Automatic;
				CURRENT_PROJECT_VERSION = 1;
				DEVELOPMENT_ASSET_PATHS = "\"Video_SwiftUI/Preview Content\"";
				DEVELOPMENT_TEAM = T8D5642T4Z;
				ENABLE_PREVIEWS = YES;
				GENERATE_INFOPLIST_FILE = YES;
				INFOPLIST_KEY_UIApplicationSceneManifest_Generation = YES;
				INFOPLIST_KEY_UIApplicationSupportsIndirectInputEvents = YES;
				INFOPLIST_KEY_UILaunchScreen_Generation = YES;
				INFOPLIST_KEY_UISupportedInterfaceOrientations_iPad = "UIInterfaceOrientationPortrait UIInterfaceOrientationPortraitUpsideDown UIInterfaceOrientationLandscapeLeft UIInterfaceOrientationLandscapeRight";
				INFOPLIST_KEY_UISupportedInterfaceOrientations_iPhone = "UIInterfaceOrientationPortrait UIInterfaceOrientationLandscapeLeft UIInterfaceOrientationLandscapeRight";
				IPHONEOS_DEPLOYMENT_TARGET = 14.0;
				LD_RUNPATH_SEARCH_PATHS = (
					"$(inherited)",
					"@executable_path/Frameworks",
				);
				MARKETING_VERSION = 1.0;
				PRODUCT_BUNDLE_IDENTIFIER = "hshotaro.video.swiftui.Video-SwiftUI";
				PRODUCT_NAME = "$(TARGET_NAME)";
				SWIFT_EMIT_LOC_STRINGS = YES;
				SWIFT_VERSION = 5.0;
				TARGETED_DEVICE_FAMILY = "1,2";
			};
			name = Release;
		};
		CB7E26E52709AFB100D344A6 /* Debug */ = {
			isa = XCBuildConfiguration;
			baseConfigurationReference = D8ABC4709856AD05071F0BC5 /* Pods-Video_SwiftUITests.debug.xcconfig */;
			buildSettings = {
				ALWAYS_EMBED_SWIFT_STANDARD_LIBRARIES = YES;
				BUNDLE_LOADER = "$(TEST_HOST)";
				CODE_SIGN_STYLE = Automatic;
				CURRENT_PROJECT_VERSION = 1;
				DEVELOPMENT_TEAM = T8D5642T4Z;
				GENERATE_INFOPLIST_FILE = YES;
				IPHONEOS_DEPLOYMENT_TARGET = 14.0;
				LD_RUNPATH_SEARCH_PATHS = (
					"$(inherited)",
					"@executable_path/Frameworks",
					"@loader_path/Frameworks",
				);
				MARKETING_VERSION = 1.0;
				PRODUCT_BUNDLE_IDENTIFIER = "hshotaro.video.swiftui.Video-SwiftUITests";
				PRODUCT_NAME = "$(TARGET_NAME)";
				SWIFT_EMIT_LOC_STRINGS = NO;
				SWIFT_VERSION = 5.0;
				TARGETED_DEVICE_FAMILY = "1,2";
				TEST_HOST = "$(BUILT_PRODUCTS_DIR)/Video_SwiftUI.app/Video_SwiftUI";
			};
			name = Debug;
		};
		CB7E26E62709AFB100D344A6 /* Release */ = {
			isa = XCBuildConfiguration;
			baseConfigurationReference = 9A5BEA863EDFBE568FAE5649 /* Pods-Video_SwiftUITests.release.xcconfig */;
			buildSettings = {
				ALWAYS_EMBED_SWIFT_STANDARD_LIBRARIES = YES;
				BUNDLE_LOADER = "$(TEST_HOST)";
				CODE_SIGN_STYLE = Automatic;
				CURRENT_PROJECT_VERSION = 1;
				DEVELOPMENT_TEAM = T8D5642T4Z;
				GENERATE_INFOPLIST_FILE = YES;
				IPHONEOS_DEPLOYMENT_TARGET = 14.0;
				LD_RUNPATH_SEARCH_PATHS = (
					"$(inherited)",
					"@executable_path/Frameworks",
					"@loader_path/Frameworks",
				);
				MARKETING_VERSION = 1.0;
				PRODUCT_BUNDLE_IDENTIFIER = "hshotaro.video.swiftui.Video-SwiftUITests";
				PRODUCT_NAME = "$(TARGET_NAME)";
				SWIFT_EMIT_LOC_STRINGS = NO;
				SWIFT_VERSION = 5.0;
				TARGETED_DEVICE_FAMILY = "1,2";
				TEST_HOST = "$(BUILT_PRODUCTS_DIR)/Video_SwiftUI.app/Video_SwiftUI";
			};
			name = Release;
		};
		CB7E26E82709AFB100D344A6 /* Debug */ = {
			isa = XCBuildConfiguration;
			baseConfigurationReference = DB5969F56BBC9AA4D37B0A81 /* Pods-Video_SwiftUI-Video_SwiftUIUITests.debug.xcconfig */;
			buildSettings = {
				ALWAYS_EMBED_SWIFT_STANDARD_LIBRARIES = YES;
				CODE_SIGN_STYLE = Automatic;
				CURRENT_PROJECT_VERSION = 1;
				DEVELOPMENT_TEAM = T8D5642T4Z;
				GENERATE_INFOPLIST_FILE = YES;
				LD_RUNPATH_SEARCH_PATHS = (
					"$(inherited)",
					"@executable_path/Frameworks",
					"@loader_path/Frameworks",
				);
				MARKETING_VERSION = 1.0;
				PRODUCT_BUNDLE_IDENTIFIER = "hshotaro.video.swiftui.Video-SwiftUIUITests";
				PRODUCT_NAME = "$(TARGET_NAME)";
				SWIFT_EMIT_LOC_STRINGS = NO;
				SWIFT_VERSION = 5.0;
				TARGETED_DEVICE_FAMILY = "1,2";
				TEST_TARGET_NAME = Video_SwiftUI;
			};
			name = Debug;
		};
		CB7E26E92709AFB100D344A6 /* Release */ = {
			isa = XCBuildConfiguration;
			baseConfigurationReference = EE03B3F19A54BE8A772E4429 /* Pods-Video_SwiftUI-Video_SwiftUIUITests.release.xcconfig */;
			buildSettings = {
				ALWAYS_EMBED_SWIFT_STANDARD_LIBRARIES = YES;
				CODE_SIGN_STYLE = Automatic;
				CURRENT_PROJECT_VERSION = 1;
				DEVELOPMENT_TEAM = T8D5642T4Z;
				GENERATE_INFOPLIST_FILE = YES;
				LD_RUNPATH_SEARCH_PATHS = (
					"$(inherited)",
					"@executable_path/Frameworks",
					"@loader_path/Frameworks",
				);
				MARKETING_VERSION = 1.0;
				PRODUCT_BUNDLE_IDENTIFIER = "hshotaro.video.swiftui.Video-SwiftUIUITests";
				PRODUCT_NAME = "$(TARGET_NAME)";
				SWIFT_EMIT_LOC_STRINGS = NO;
				SWIFT_VERSION = 5.0;
				TARGETED_DEVICE_FAMILY = "1,2";
				TEST_TARGET_NAME = Video_SwiftUI;
			};
			name = Release;
		};
/* End XCBuildConfiguration section */

/* Begin XCConfigurationList section */
		CB7E26B82709AFAF00D344A6 /* Build configuration list for PBXProject "Video_SwiftUI" */ = {
			isa = XCConfigurationList;
			buildConfigurations = (
				CB7E26DF2709AFB100D344A6 /* Debug */,
				CB7E26E02709AFB100D344A6 /* Release */,
			);
			defaultConfigurationIsVisible = 0;
			defaultConfigurationName = Release;
		};
		CB7E26E12709AFB100D344A6 /* Build configuration list for PBXNativeTarget "Video_SwiftUI" */ = {
			isa = XCConfigurationList;
			buildConfigurations = (
				CB7E26E22709AFB100D344A6 /* Debug */,
				CB7E26E32709AFB100D344A6 /* Release */,
			);
			defaultConfigurationIsVisible = 0;
			defaultConfigurationName = Release;
		};
		CB7E26E42709AFB100D344A6 /* Build configuration list for PBXNativeTarget "Video_SwiftUITests" */ = {
			isa = XCConfigurationList;
			buildConfigurations = (
				CB7E26E52709AFB100D344A6 /* Debug */,
				CB7E26E62709AFB100D344A6 /* Release */,
			);
			defaultConfigurationIsVisible = 0;
			defaultConfigurationName = Release;
		};
		CB7E26E72709AFB100D344A6 /* Build configuration list for PBXNativeTarget "Video_SwiftUIUITests" */ = {
			isa = XCConfigurationList;
			buildConfigurations = (
				CB7E26E82709AFB100D344A6 /* Debug */,
				CB7E26E92709AFB100D344A6 /* Release */,
			);
			defaultConfigurationIsVisible = 0;
			defaultConfigurationName = Release;
		};
/* End XCConfigurationList section */
	};
	rootObject = CB7E26B52709AFAF00D344A6 /* Project object */;
}
